// !$*UTF8*$!
{
	archiveVersion = 1;
	classes = {
	};
	objectVersion = 50;
	objects = {

/* Begin PBXBuildFile section */
		7F0C92D123072F15002E103E /* MockDataModel.swift in Sources */ = {isa = PBXBuildFile; fileRef = 7F6E7D2522FBB84B0083BD1D /* MockDataModel.swift */; };
		7F0C92D223072F15002E103E /* URLSessionMock.swift in Sources */ = {isa = PBXBuildFile; fileRef = 7F6E7D2622FBB84B0083BD1D /* URLSessionMock.swift */; };
		7F0C92D323072F15002E103E /* URLSessionDataTaskMock.swift in Sources */ = {isa = PBXBuildFile; fileRef = 7F6E7D2722FBB84B0083BD1D /* URLSessionDataTaskMock.swift */; };
		7F0C92D423072F15002E103E /* MockAuthentication.swift in Sources */ = {isa = PBXBuildFile; fileRef = 7FFCD4C62303324400E731FA /* MockAuthentication.swift */; };
		7F0C92D523072F15002E103E /* MockServerEnvironmentConfiguration.swift in Sources */ = {isa = PBXBuildFile; fileRef = 7FFCD4CF23034B0D00E731FA /* MockServerEnvironmentConfiguration.swift */; };
		7F0C92D623072F16002E103E /* MockDataModel.swift in Sources */ = {isa = PBXBuildFile; fileRef = 7F6E7D2522FBB84B0083BD1D /* MockDataModel.swift */; };
		7F0C92D723072F16002E103E /* URLSessionMock.swift in Sources */ = {isa = PBXBuildFile; fileRef = 7F6E7D2622FBB84B0083BD1D /* URLSessionMock.swift */; };
		7F0C92D823072F16002E103E /* URLSessionDataTaskMock.swift in Sources */ = {isa = PBXBuildFile; fileRef = 7F6E7D2722FBB84B0083BD1D /* URLSessionDataTaskMock.swift */; };
		7F0C92D923072F16002E103E /* MockAuthentication.swift in Sources */ = {isa = PBXBuildFile; fileRef = 7FFCD4C62303324400E731FA /* MockAuthentication.swift */; };
		7F0C92DA23072F16002E103E /* MockServerEnvironmentConfiguration.swift in Sources */ = {isa = PBXBuildFile; fileRef = 7FFCD4CF23034B0D00E731FA /* MockServerEnvironmentConfiguration.swift */; };
		7F473F452350FCF400175CB8 /* ErrorsTests.swift in Sources */ = {isa = PBXBuildFile; fileRef = 7F473F442350FCF400175CB8 /* ErrorsTests.swift */; };
		7F473F47235101EB00175CB8 /* URLSessionLayer+StringTests.swift in Sources */ = {isa = PBXBuildFile; fileRef = 7F473F46235101EB00175CB8 /* URLSessionLayer+StringTests.swift */; };
		7F473F492351021F00175CB8 /* URLSessionLayerBase.swift in Sources */ = {isa = PBXBuildFile; fileRef = 7F473F482351021F00175CB8 /* URLSessionLayerBase.swift */; };
		7F473F4B2351143000175CB8 /* URLSessionLayer+JSONTests.swift in Sources */ = {isa = PBXBuildFile; fileRef = 7F473F4A2351143000175CB8 /* URLSessionLayer+JSONTests.swift */; };
		7F473F622357969E00175CB8 /* CommandAuthRefresherTests.swift in Sources */ = {isa = PBXBuildFile; fileRef = 7F473F612357969E00175CB8 /* CommandAuthRefresherTests.swift */; };
		7F473F652357972400175CB8 /* CommandTestBase.swift in Sources */ = {isa = PBXBuildFile; fileRef = 7F473F63235796DC00175CB8 /* CommandTestBase.swift */; };
		7F473F672357A8AA00175CB8 /* MockAuthenticationRefresher.swift in Sources */ = {isa = PBXBuildFile; fileRef = 7F473F662357A8AA00175CB8 /* MockAuthenticationRefresher.swift */; };
		7F58FAC223D21C160062CFCD /* CommandTrafficControllerMultiSet.swift in Sources */ = {isa = PBXBuildFile; fileRef = 7F58FAC123D21C160062CFCD /* CommandTrafficControllerMultiSet.swift */; };
		7F58FAC423D21F780062CFCD /* TrafficControllerMultiSetTests.swift in Sources */ = {isa = PBXBuildFile; fileRef = 7F58FAC323D21F780062CFCD /* TrafficControllerMultiSetTests.swift */; };
		7F58FADC23D23A770062CFCD /* Authentication.swift in Sources */ = {isa = PBXBuildFile; fileRef = 7F6E7D7322FBBC010083BD1D /* Authentication.swift */; };
		7F58FADD23D23A770062CFCD /* CommandTrafficController.swift in Sources */ = {isa = PBXBuildFile; fileRef = 7F6E7D7B22FBBC010083BD1D /* CommandTrafficController.swift */; };
		7F58FADE23D23A770062CFCD /* CommandTrafficControllerMultiSet.swift in Sources */ = {isa = PBXBuildFile; fileRef = 7F58FAC123D21C160062CFCD /* CommandTrafficControllerMultiSet.swift */; };
		7F58FADF23D23A770062CFCD /* Command.swift in Sources */ = {isa = PBXBuildFile; fileRef = 7F65D64022FDE59300FA1762 /* Command.swift */; };
		7F58FAE023D23A770062CFCD /* HTTPRequestCommand.swift in Sources */ = {isa = PBXBuildFile; fileRef = 7F6E7D7C22FBBC010083BD1D /* HTTPRequestCommand.swift */; };
		7F58FAE123D23A770062CFCD /* Error+Additions.swift in Sources */ = {isa = PBXBuildFile; fileRef = 7F6E7D6F22FBBC010083BD1D /* Error+Additions.swift */; };
		7F58FAE223D23A770062CFCD /* HTTPStatusCode.swift in Sources */ = {isa = PBXBuildFile; fileRef = 7F6E7D7022FBBC010083BD1D /* HTTPStatusCode.swift */; };
		7F58FAE323D23A770062CFCD /* RequestError.swift in Sources */ = {isa = PBXBuildFile; fileRef = 7F6E7D7122FBBC010083BD1D /* RequestError.swift */; };
		7F58FAE423D23A770062CFCD /* NetworkRequestFactory.swift in Sources */ = {isa = PBXBuildFile; fileRef = 7F6E7D6D22FBBC010083BD1D /* NetworkRequestFactory.swift */; };
		7F58FAE523D23A770062CFCD /* NetworkRequestFactory+Codable.swift in Sources */ = {isa = PBXBuildFile; fileRef = 7FFCD4B722FDEF7700E731FA /* NetworkRequestFactory+Codable.swift */; };
		7F58FAE623D23A770062CFCD /* NetworkRequestFactory+Dispatch.swift in Sources */ = {isa = PBXBuildFile; fileRef = 7FFCD4BB22FDFB5E00E731FA /* NetworkRequestFactory+Dispatch.swift */; };
		7F58FAE723D23A770062CFCD /* NetworkRequestFactory+Image.swift in Sources */ = {isa = PBXBuildFile; fileRef = 7F6E7D8E22FBBC010083BD1D /* NetworkRequestFactory+Image.swift */; };
		7F58FAE823D23A770062CFCD /* URLRequestProtocol.swift in Sources */ = {isa = PBXBuildFile; fileRef = 7F6E7D8822FBBC010083BD1D /* URLRequestProtocol.swift */; };
		7F58FAE923D23A770062CFCD /* ParameterEncoding.swift in Sources */ = {isa = PBXBuildFile; fileRef = 7F6E7D8922FBBC010083BD1D /* ParameterEncoding.swift */; };
		7F58FAEA23D23A770062CFCD /* EncodingError.swift in Sources */ = {isa = PBXBuildFile; fileRef = 7F6E7D8A22FBBC010083BD1D /* EncodingError.swift */; };
		7F58FAEB23D23A770062CFCD /* StringEncoding.swift in Sources */ = {isa = PBXBuildFile; fileRef = 7FFCD4DB23048E6D00E731FA /* StringEncoding.swift */; };
		7F58FAEC23D23A770062CFCD /* EncodingHelpers.swift in Sources */ = {isa = PBXBuildFile; fileRef = 7FFCD4DE2304934F00E731FA /* EncodingHelpers.swift */; };
		7F58FAED23D23A770062CFCD /* JSONEncoding.swift in Sources */ = {isa = PBXBuildFile; fileRef = 7FFCD4EF23071D7000E731FA /* JSONEncoding.swift */; };
		7F58FAEE23D23A770062CFCD /* URLEncoding.swift in Sources */ = {isa = PBXBuildFile; fileRef = 7FFCD4F223071D9600E731FA /* URLEncoding.swift */; };
		7F58FAEF23D23A770062CFCD /* Headers.swift in Sources */ = {isa = PBXBuildFile; fileRef = 7F6E7D8622FBBC010083BD1D /* Headers.swift */; };
		7F58FAF023D23A770062CFCD /* NetworkRequestFactoryHelper.swift in Sources */ = {isa = PBXBuildFile; fileRef = 7F6E7D8522FBBC010083BD1D /* NetworkRequestFactoryHelper.swift */; };
		7F58FAF123D23A770062CFCD /* QuickHatchRequestFactory.swift in Sources */ = {isa = PBXBuildFile; fileRef = 7F6E7D8422FBBC010083BD1D /* QuickHatchRequestFactory.swift */; };
		7F58FAF223D23A770062CFCD /* Logger.swift in Sources */ = {isa = PBXBuildFile; fileRef = 7F6E7D8022FBBC010083BD1D /* Logger.swift */; };
		7F58FAF323D23A770062CFCD /* GenericAPI.swift in Sources */ = {isa = PBXBuildFile; fileRef = 7F6E7D7E22FBBC010083BD1D /* GenericAPI.swift */; };
		7F58FAF423D23A770062CFCD /* URLRequest+Additions.swift in Sources */ = {isa = PBXBuildFile; fileRef = 7F6E7D8222FBBC010083BD1D /* URLRequest+Additions.swift */; };
		7F58FAF523D23A770062CFCD /* URLRequest+Methods.swift in Sources */ = {isa = PBXBuildFile; fileRef = 7FFCD4B922FDF34D00E731FA /* URLRequest+Methods.swift */; };
		7F58FAF623D23A770062CFCD /* URLSessionDataTask+Additions.swift in Sources */ = {isa = PBXBuildFile; fileRef = 7F6E7D7F22FBBC010083BD1D /* URLSessionDataTask+Additions.swift */; };
		7F58FAF823D23A780062CFCD /* LoosyMapper.swift in Sources */ = {isa = PBXBuildFile; fileRef = 7F6E7D7722FBBC010083BD1D /* LoosyMapper.swift */; };
		7F58FAF923D23A780062CFCD /* ObjectRelationalMapper.swift in Sources */ = {isa = PBXBuildFile; fileRef = 7F6E7D7822FBBC010083BD1D /* ObjectRelationalMapper.swift */; };
		7F58FAFA23D23A780062CFCD /* HostEnvironment.swift in Sources */ = {isa = PBXBuildFile; fileRef = 7F6E7D8C22FBBC010083BD1D /* HostEnvironment.swift */; };
		7F58FAFB23D23A780062CFCD /* ServerEnvironmentConfiguration.swift in Sources */ = {isa = PBXBuildFile; fileRef = 7F6E7D8D22FBBC010083BD1D /* ServerEnvironmentConfiguration.swift */; };
		7F58FB0923D23AEF0062CFCD /* Authentication.swift in Sources */ = {isa = PBXBuildFile; fileRef = 7F6E7D7322FBBC010083BD1D /* Authentication.swift */; };
		7F58FB0A23D23AEF0062CFCD /* CommandTrafficController.swift in Sources */ = {isa = PBXBuildFile; fileRef = 7F6E7D7B22FBBC010083BD1D /* CommandTrafficController.swift */; };
		7F58FB0B23D23AEF0062CFCD /* CommandTrafficControllerMultiSet.swift in Sources */ = {isa = PBXBuildFile; fileRef = 7F58FAC123D21C160062CFCD /* CommandTrafficControllerMultiSet.swift */; };
		7F58FB0C23D23AEF0062CFCD /* Command.swift in Sources */ = {isa = PBXBuildFile; fileRef = 7F65D64022FDE59300FA1762 /* Command.swift */; };
		7F58FB0D23D23AEF0062CFCD /* HTTPRequestCommand.swift in Sources */ = {isa = PBXBuildFile; fileRef = 7F6E7D7C22FBBC010083BD1D /* HTTPRequestCommand.swift */; };
		7F58FB0E23D23AEF0062CFCD /* Error+Additions.swift in Sources */ = {isa = PBXBuildFile; fileRef = 7F6E7D6F22FBBC010083BD1D /* Error+Additions.swift */; };
		7F58FB0F23D23AEF0062CFCD /* HTTPStatusCode.swift in Sources */ = {isa = PBXBuildFile; fileRef = 7F6E7D7022FBBC010083BD1D /* HTTPStatusCode.swift */; };
		7F58FB1023D23AEF0062CFCD /* RequestError.swift in Sources */ = {isa = PBXBuildFile; fileRef = 7F6E7D7122FBBC010083BD1D /* RequestError.swift */; };
		7F58FB1123D23AEF0062CFCD /* NetworkRequestFactory.swift in Sources */ = {isa = PBXBuildFile; fileRef = 7F6E7D6D22FBBC010083BD1D /* NetworkRequestFactory.swift */; };
		7F58FB1223D23AEF0062CFCD /* NetworkRequestFactory+Codable.swift in Sources */ = {isa = PBXBuildFile; fileRef = 7FFCD4B722FDEF7700E731FA /* NetworkRequestFactory+Codable.swift */; };
		7F58FB1323D23AF00062CFCD /* NetworkRequestFactory+Dispatch.swift in Sources */ = {isa = PBXBuildFile; fileRef = 7FFCD4BB22FDFB5E00E731FA /* NetworkRequestFactory+Dispatch.swift */; };
		7F58FB1423D23AF00062CFCD /* NetworkRequestFactory+Image.swift in Sources */ = {isa = PBXBuildFile; fileRef = 7F6E7D8E22FBBC010083BD1D /* NetworkRequestFactory+Image.swift */; };
		7F58FB1523D23AF00062CFCD /* URLRequestProtocol.swift in Sources */ = {isa = PBXBuildFile; fileRef = 7F6E7D8822FBBC010083BD1D /* URLRequestProtocol.swift */; };
		7F58FB1623D23AF00062CFCD /* ParameterEncoding.swift in Sources */ = {isa = PBXBuildFile; fileRef = 7F6E7D8922FBBC010083BD1D /* ParameterEncoding.swift */; };
		7F58FB1723D23AF00062CFCD /* EncodingError.swift in Sources */ = {isa = PBXBuildFile; fileRef = 7F6E7D8A22FBBC010083BD1D /* EncodingError.swift */; };
		7F58FB1823D23AF00062CFCD /* StringEncoding.swift in Sources */ = {isa = PBXBuildFile; fileRef = 7FFCD4DB23048E6D00E731FA /* StringEncoding.swift */; };
		7F58FB1923D23AF00062CFCD /* EncodingHelpers.swift in Sources */ = {isa = PBXBuildFile; fileRef = 7FFCD4DE2304934F00E731FA /* EncodingHelpers.swift */; };
		7F58FB1A23D23AF00062CFCD /* JSONEncoding.swift in Sources */ = {isa = PBXBuildFile; fileRef = 7FFCD4EF23071D7000E731FA /* JSONEncoding.swift */; };
		7F58FB1B23D23AF00062CFCD /* URLEncoding.swift in Sources */ = {isa = PBXBuildFile; fileRef = 7FFCD4F223071D9600E731FA /* URLEncoding.swift */; };
		7F58FB1C23D23AF00062CFCD /* Headers.swift in Sources */ = {isa = PBXBuildFile; fileRef = 7F6E7D8622FBBC010083BD1D /* Headers.swift */; };
		7F58FB1D23D23AF00062CFCD /* NetworkRequestFactoryHelper.swift in Sources */ = {isa = PBXBuildFile; fileRef = 7F6E7D8522FBBC010083BD1D /* NetworkRequestFactoryHelper.swift */; };
		7F58FB1E23D23AF00062CFCD /* QuickHatchRequestFactory.swift in Sources */ = {isa = PBXBuildFile; fileRef = 7F6E7D8422FBBC010083BD1D /* QuickHatchRequestFactory.swift */; };
		7F58FB1F23D23AF00062CFCD /* Logger.swift in Sources */ = {isa = PBXBuildFile; fileRef = 7F6E7D8022FBBC010083BD1D /* Logger.swift */; };
		7F58FB2023D23AF00062CFCD /* GenericAPI.swift in Sources */ = {isa = PBXBuildFile; fileRef = 7F6E7D7E22FBBC010083BD1D /* GenericAPI.swift */; };
		7F58FB2123D23AF00062CFCD /* URLRequest+Additions.swift in Sources */ = {isa = PBXBuildFile; fileRef = 7F6E7D8222FBBC010083BD1D /* URLRequest+Additions.swift */; };
		7F58FB2223D23AF00062CFCD /* URLRequest+Methods.swift in Sources */ = {isa = PBXBuildFile; fileRef = 7FFCD4B922FDF34D00E731FA /* URLRequest+Methods.swift */; };
		7F58FB2323D23AF00062CFCD /* URLSessionDataTask+Additions.swift in Sources */ = {isa = PBXBuildFile; fileRef = 7F6E7D7F22FBBC010083BD1D /* URLSessionDataTask+Additions.swift */; };
		7F58FB2423D23AF00062CFCD /* LoosyMapper.swift in Sources */ = {isa = PBXBuildFile; fileRef = 7F6E7D7722FBBC010083BD1D /* LoosyMapper.swift */; };
		7F58FB2523D23AF00062CFCD /* ObjectRelationalMapper.swift in Sources */ = {isa = PBXBuildFile; fileRef = 7F6E7D7822FBBC010083BD1D /* ObjectRelationalMapper.swift */; };
		7F58FB2623D23AF00062CFCD /* HostEnvironment.swift in Sources */ = {isa = PBXBuildFile; fileRef = 7F6E7D8C22FBBC010083BD1D /* HostEnvironment.swift */; };
		7F58FB2723D23AF00062CFCD /* ServerEnvironmentConfiguration.swift in Sources */ = {isa = PBXBuildFile; fileRef = 7F6E7D8D22FBBC010083BD1D /* ServerEnvironmentConfiguration.swift */; };
		7F58FB3523D23EF40062CFCD /* Authentication.swift in Sources */ = {isa = PBXBuildFile; fileRef = 7F6E7D7322FBBC010083BD1D /* Authentication.swift */; };
		7F58FB3623D23EF40062CFCD /* CommandTrafficController.swift in Sources */ = {isa = PBXBuildFile; fileRef = 7F6E7D7B22FBBC010083BD1D /* CommandTrafficController.swift */; };
		7F58FB3723D23EF40062CFCD /* CommandTrafficControllerMultiSet.swift in Sources */ = {isa = PBXBuildFile; fileRef = 7F58FAC123D21C160062CFCD /* CommandTrafficControllerMultiSet.swift */; };
		7F58FB3823D23EF40062CFCD /* Command.swift in Sources */ = {isa = PBXBuildFile; fileRef = 7F65D64022FDE59300FA1762 /* Command.swift */; };
		7F58FB3923D23EF40062CFCD /* HTTPRequestCommand.swift in Sources */ = {isa = PBXBuildFile; fileRef = 7F6E7D7C22FBBC010083BD1D /* HTTPRequestCommand.swift */; };
		7F58FB3A23D23EF40062CFCD /* Error+Additions.swift in Sources */ = {isa = PBXBuildFile; fileRef = 7F6E7D6F22FBBC010083BD1D /* Error+Additions.swift */; };
		7F58FB3B23D23EF40062CFCD /* HTTPStatusCode.swift in Sources */ = {isa = PBXBuildFile; fileRef = 7F6E7D7022FBBC010083BD1D /* HTTPStatusCode.swift */; };
		7F58FB3C23D23EF40062CFCD /* RequestError.swift in Sources */ = {isa = PBXBuildFile; fileRef = 7F6E7D7122FBBC010083BD1D /* RequestError.swift */; };
		7F58FB3D23D23EF40062CFCD /* NetworkRequestFactory.swift in Sources */ = {isa = PBXBuildFile; fileRef = 7F6E7D6D22FBBC010083BD1D /* NetworkRequestFactory.swift */; };
		7F58FB3E23D23EF40062CFCD /* NetworkRequestFactory+Codable.swift in Sources */ = {isa = PBXBuildFile; fileRef = 7FFCD4B722FDEF7700E731FA /* NetworkRequestFactory+Codable.swift */; };
		7F58FB3F23D23EF40062CFCD /* NetworkRequestFactory+Dispatch.swift in Sources */ = {isa = PBXBuildFile; fileRef = 7FFCD4BB22FDFB5E00E731FA /* NetworkRequestFactory+Dispatch.swift */; };
		7F58FB4023D23EF40062CFCD /* NetworkRequestFactory+Image.swift in Sources */ = {isa = PBXBuildFile; fileRef = 7F6E7D8E22FBBC010083BD1D /* NetworkRequestFactory+Image.swift */; };
		7F58FB4123D23EF40062CFCD /* URLRequestProtocol.swift in Sources */ = {isa = PBXBuildFile; fileRef = 7F6E7D8822FBBC010083BD1D /* URLRequestProtocol.swift */; };
		7F58FB4223D23EF40062CFCD /* ParameterEncoding.swift in Sources */ = {isa = PBXBuildFile; fileRef = 7F6E7D8922FBBC010083BD1D /* ParameterEncoding.swift */; };
		7F58FB4323D23EF40062CFCD /* EncodingError.swift in Sources */ = {isa = PBXBuildFile; fileRef = 7F6E7D8A22FBBC010083BD1D /* EncodingError.swift */; };
		7F58FB4423D23EF40062CFCD /* StringEncoding.swift in Sources */ = {isa = PBXBuildFile; fileRef = 7FFCD4DB23048E6D00E731FA /* StringEncoding.swift */; };
		7F58FB4523D23EF40062CFCD /* EncodingHelpers.swift in Sources */ = {isa = PBXBuildFile; fileRef = 7FFCD4DE2304934F00E731FA /* EncodingHelpers.swift */; };
		7F58FB4623D23EF40062CFCD /* JSONEncoding.swift in Sources */ = {isa = PBXBuildFile; fileRef = 7FFCD4EF23071D7000E731FA /* JSONEncoding.swift */; };
		7F58FB4723D23EF40062CFCD /* URLEncoding.swift in Sources */ = {isa = PBXBuildFile; fileRef = 7FFCD4F223071D9600E731FA /* URLEncoding.swift */; };
		7F58FB4823D23EF40062CFCD /* Headers.swift in Sources */ = {isa = PBXBuildFile; fileRef = 7F6E7D8622FBBC010083BD1D /* Headers.swift */; };
		7F58FB4923D23EF40062CFCD /* NetworkRequestFactoryHelper.swift in Sources */ = {isa = PBXBuildFile; fileRef = 7F6E7D8522FBBC010083BD1D /* NetworkRequestFactoryHelper.swift */; };
		7F58FB4A23D23EF40062CFCD /* QuickHatchRequestFactory.swift in Sources */ = {isa = PBXBuildFile; fileRef = 7F6E7D8422FBBC010083BD1D /* QuickHatchRequestFactory.swift */; };
		7F58FB4B23D23EF40062CFCD /* Logger.swift in Sources */ = {isa = PBXBuildFile; fileRef = 7F6E7D8022FBBC010083BD1D /* Logger.swift */; };
		7F58FB4C23D23EF40062CFCD /* GenericAPI.swift in Sources */ = {isa = PBXBuildFile; fileRef = 7F6E7D7E22FBBC010083BD1D /* GenericAPI.swift */; };
		7F58FB4D23D23EF40062CFCD /* URLRequest+Additions.swift in Sources */ = {isa = PBXBuildFile; fileRef = 7F6E7D8222FBBC010083BD1D /* URLRequest+Additions.swift */; };
		7F58FB4E23D23EF40062CFCD /* URLRequest+Methods.swift in Sources */ = {isa = PBXBuildFile; fileRef = 7FFCD4B922FDF34D00E731FA /* URLRequest+Methods.swift */; };
		7F58FB4F23D23EF50062CFCD /* URLSessionDataTask+Additions.swift in Sources */ = {isa = PBXBuildFile; fileRef = 7F6E7D7F22FBBC010083BD1D /* URLSessionDataTask+Additions.swift */; };
		7F58FB5023D23EF50062CFCD /* LoosyMapper.swift in Sources */ = {isa = PBXBuildFile; fileRef = 7F6E7D7722FBBC010083BD1D /* LoosyMapper.swift */; };
		7F58FB5123D23EF50062CFCD /* ObjectRelationalMapper.swift in Sources */ = {isa = PBXBuildFile; fileRef = 7F6E7D7822FBBC010083BD1D /* ObjectRelationalMapper.swift */; };
		7F58FB5223D23EF50062CFCD /* HostEnvironment.swift in Sources */ = {isa = PBXBuildFile; fileRef = 7F6E7D8C22FBBC010083BD1D /* HostEnvironment.swift */; };
		7F58FB5323D23EF50062CFCD /* ServerEnvironmentConfiguration.swift in Sources */ = {isa = PBXBuildFile; fileRef = 7F6E7D8D22FBBC010083BD1D /* ServerEnvironmentConfiguration.swift */; };
		7F65D57222FDBFEB00FA1762 /* QuickHatch_Alamofire.framework in Frameworks */ = {isa = PBXBuildFile; fileRef = 7F65D56922FDBFEB00FA1762 /* QuickHatch_Alamofire.framework */; };
		7F65D57722FDBFEB00FA1762 /* QuickHatch_AlamofireTests.swift in Sources */ = {isa = PBXBuildFile; fileRef = 7F65D57622FDBFEB00FA1762 /* QuickHatch_AlamofireTests.swift */; };
		7F65D57922FDBFEB00FA1762 /* QuickHatch_Alamofire.h in Headers */ = {isa = PBXBuildFile; fileRef = 7F65D56B22FDBFEB00FA1762 /* QuickHatch_Alamofire.h */; settings = {ATTRIBUTES = (Public, ); }; };
		7F65D58422FDC02E00FA1762 /* AlamofireRequestFactory.swift in Sources */ = {isa = PBXBuildFile; fileRef = 7F65D58222FDC02D00FA1762 /* AlamofireRequestFactory.swift */; };
		7F65D58522FDC02E00FA1762 /* AlamofireRequest+Additions.swift in Sources */ = {isa = PBXBuildFile; fileRef = 7F65D58322FDC02D00FA1762 /* AlamofireRequest+Additions.swift */; };
		7F65D58822FDC1B500FA1762 /* Alamofire.framework in Frameworks */ = {isa = PBXBuildFile; fileRef = 7F65D58722FDC1B500FA1762 /* Alamofire.framework */; };
		7F65D64122FDE59300FA1762 /* Command.swift in Sources */ = {isa = PBXBuildFile; fileRef = 7F65D64022FDE59300FA1762 /* Command.swift */; };
		7F698C5A235A406F00978721 /* URLSessionLayer+ObjectTests.swift in Sources */ = {isa = PBXBuildFile; fileRef = 7F698C58235A406600978721 /* URLSessionLayer+ObjectTests.swift */; };
		7F6E7CD822FBB81B0083BD1D /* QuickHatch.framework in Frameworks */ = {isa = PBXBuildFile; fileRef = 7F6E7CCE22FBB81B0083BD1D /* QuickHatch.framework */; };
		7F6E7CDD22FBB81B0083BD1D /* QuickHatchTests.swift in Sources */ = {isa = PBXBuildFile; fileRef = 7F6E7CDC22FBB81B0083BD1D /* QuickHatchTests.swift */; };
		7F6E7CDF22FBB81B0083BD1D /* QuickHatch.h in Headers */ = {isa = PBXBuildFile; fileRef = 7F6E7CD122FBB81B0083BD1D /* QuickHatch.h */; settings = {ATTRIBUTES = (Public, ); }; };
		7F6E7D3222FBB84B0083BD1D /* URLSessionLayerTests.swift in Sources */ = {isa = PBXBuildFile; fileRef = 7F6E7D2922FBB84B0083BD1D /* URLSessionLayerTests.swift */; };
		7F6E7D3322FBB84B0083BD1D /* swifticon.png in Resources */ = {isa = PBXBuildFile; fileRef = 7F6E7D2A22FBB84B0083BD1D /* swifticon.png */; };
		7F6E7D3422FBB84B0083BD1D /* URLSessionLayer+ImageTests.swift in Sources */ = {isa = PBXBuildFile; fileRef = 7F6E7D2B22FBB84B0083BD1D /* URLSessionLayer+ImageTests.swift */; };
		7F6E7D3522FBB84B0083BD1D /* HTTPCommandTests.swift in Sources */ = {isa = PBXBuildFile; fileRef = 7F6E7D2D22FBB84B0083BD1D /* HTTPCommandTests.swift */; };
		7F6E7D8F22FBBC010083BD1D /* NetworkRequestFactory.swift in Sources */ = {isa = PBXBuildFile; fileRef = 7F6E7D6D22FBBC010083BD1D /* NetworkRequestFactory.swift */; };
		7F6E7D9022FBBC010083BD1D /* Error+Additions.swift in Sources */ = {isa = PBXBuildFile; fileRef = 7F6E7D6F22FBBC010083BD1D /* Error+Additions.swift */; };
		7F6E7D9122FBBC010083BD1D /* HTTPStatusCode.swift in Sources */ = {isa = PBXBuildFile; fileRef = 7F6E7D7022FBBC010083BD1D /* HTTPStatusCode.swift */; };
		7F6E7D9222FBBC010083BD1D /* RequestError.swift in Sources */ = {isa = PBXBuildFile; fileRef = 7F6E7D7122FBBC010083BD1D /* RequestError.swift */; };
		7F6E7D9322FBBC010083BD1D /* Authentication.swift in Sources */ = {isa = PBXBuildFile; fileRef = 7F6E7D7322FBBC010083BD1D /* Authentication.swift */; };
		7F6E7D9622FBBC020083BD1D /* LoosyMapper.swift in Sources */ = {isa = PBXBuildFile; fileRef = 7F6E7D7722FBBC010083BD1D /* LoosyMapper.swift */; };
		7F6E7D9722FBBC020083BD1D /* ObjectRelationalMapper.swift in Sources */ = {isa = PBXBuildFile; fileRef = 7F6E7D7822FBBC010083BD1D /* ObjectRelationalMapper.swift */; };
		7F6E7D9922FBBC020083BD1D /* CommandTrafficController.swift in Sources */ = {isa = PBXBuildFile; fileRef = 7F6E7D7B22FBBC010083BD1D /* CommandTrafficController.swift */; };
		7F6E7D9A22FBBC020083BD1D /* HTTPRequestCommand.swift in Sources */ = {isa = PBXBuildFile; fileRef = 7F6E7D7C22FBBC010083BD1D /* HTTPRequestCommand.swift */; };
		7F6E7D9B22FBBC020083BD1D /* GenericAPI.swift in Sources */ = {isa = PBXBuildFile; fileRef = 7F6E7D7E22FBBC010083BD1D /* GenericAPI.swift */; };
		7F6E7D9C22FBBC020083BD1D /* URLSessionDataTask+Additions.swift in Sources */ = {isa = PBXBuildFile; fileRef = 7F6E7D7F22FBBC010083BD1D /* URLSessionDataTask+Additions.swift */; };
		7F6E7D9D22FBBC020083BD1D /* Logger.swift in Sources */ = {isa = PBXBuildFile; fileRef = 7F6E7D8022FBBC010083BD1D /* Logger.swift */; };
		7F6E7D9F22FBBC020083BD1D /* URLRequest+Additions.swift in Sources */ = {isa = PBXBuildFile; fileRef = 7F6E7D8222FBBC010083BD1D /* URLRequest+Additions.swift */; };
		7F6E7DA022FBBC020083BD1D /* QuickHatchRequestFactory.swift in Sources */ = {isa = PBXBuildFile; fileRef = 7F6E7D8422FBBC010083BD1D /* QuickHatchRequestFactory.swift */; };
		7F6E7DA122FBBC020083BD1D /* NetworkRequestFactoryHelper.swift in Sources */ = {isa = PBXBuildFile; fileRef = 7F6E7D8522FBBC010083BD1D /* NetworkRequestFactoryHelper.swift */; };
		7F6E7DA222FBBC020083BD1D /* Headers.swift in Sources */ = {isa = PBXBuildFile; fileRef = 7F6E7D8622FBBC010083BD1D /* Headers.swift */; };
		7F6E7DA322FBBC020083BD1D /* URLRequestProtocol.swift in Sources */ = {isa = PBXBuildFile; fileRef = 7F6E7D8822FBBC010083BD1D /* URLRequestProtocol.swift */; };
		7F6E7DA422FBBC020083BD1D /* ParameterEncoding.swift in Sources */ = {isa = PBXBuildFile; fileRef = 7F6E7D8922FBBC010083BD1D /* ParameterEncoding.swift */; };
		7F6E7DA522FBBC020083BD1D /* EncodingError.swift in Sources */ = {isa = PBXBuildFile; fileRef = 7F6E7D8A22FBBC010083BD1D /* EncodingError.swift */; };
		7F6E7DA622FBBC020083BD1D /* HostEnvironment.swift in Sources */ = {isa = PBXBuildFile; fileRef = 7F6E7D8C22FBBC010083BD1D /* HostEnvironment.swift */; };
		7F6E7DA722FBBC020083BD1D /* ServerEnvironmentConfiguration.swift in Sources */ = {isa = PBXBuildFile; fileRef = 7F6E7D8D22FBBC010083BD1D /* ServerEnvironmentConfiguration.swift */; };
		7F6E7DA822FBBC020083BD1D /* NetworkRequestFactory+Image.swift in Sources */ = {isa = PBXBuildFile; fileRef = 7F6E7D8E22FBBC010083BD1D /* NetworkRequestFactory+Image.swift */; };
		7FFCD4B822FDEF7700E731FA /* NetworkRequestFactory+Codable.swift in Sources */ = {isa = PBXBuildFile; fileRef = 7FFCD4B722FDEF7700E731FA /* NetworkRequestFactory+Codable.swift */; };
		7FFCD4BA22FDF34D00E731FA /* URLRequest+Methods.swift in Sources */ = {isa = PBXBuildFile; fileRef = 7FFCD4B922FDF34D00E731FA /* URLRequest+Methods.swift */; };
		7FFCD4BC22FDFB5E00E731FA /* NetworkRequestFactory+Dispatch.swift in Sources */ = {isa = PBXBuildFile; fileRef = 7FFCD4BB22FDFB5E00E731FA /* NetworkRequestFactory+Dispatch.swift */; };
		7FFCD4C523030ED700E731FA /* URLRequest+MethodTests.swift in Sources */ = {isa = PBXBuildFile; fileRef = 7FFCD4C423030ED700E731FA /* URLRequest+MethodTests.swift */; };
		7FFCD4CB230344B200E731FA /* URLRequest+AdditionTests.swift in Sources */ = {isa = PBXBuildFile; fileRef = 7FFCD4C9230344AD00E731FA /* URLRequest+AdditionTests.swift */; };
		7FFCD4CE230349E300E731FA /* NetworkSettingsTests.swift in Sources */ = {isa = PBXBuildFile; fileRef = 7FFCD4CD230349E300E731FA /* NetworkSettingsTests.swift */; };
		7FFCD4D22303524000E731FA /* TrafficControllerTests.swift in Sources */ = {isa = PBXBuildFile; fileRef = 7FFCD4D12303524000E731FA /* TrafficControllerTests.swift */; };
		7FFCD4DD23048E7C00E731FA /* StringEncoding.swift in Sources */ = {isa = PBXBuildFile; fileRef = 7FFCD4DB23048E6D00E731FA /* StringEncoding.swift */; };
		7FFCD4E0230493D300E731FA /* EncodingHelpers.swift in Sources */ = {isa = PBXBuildFile; fileRef = 7FFCD4DE2304934F00E731FA /* EncodingHelpers.swift */; };
		7FFCD4E32304962B00E731FA /* StringEncodingTests.swift in Sources */ = {isa = PBXBuildFile; fileRef = 7FFCD4E22304962B00E731FA /* StringEncodingTests.swift */; };
		7FFCD4E52304A16300E731FA /* EncodingHelpersTests.swift in Sources */ = {isa = PBXBuildFile; fileRef = 7FFCD4E42304A16300E731FA /* EncodingHelpersTests.swift */; };
		7FFCD4E72305DCC300E731FA /* HTTPCommandSuccessCasesTests.swift in Sources */ = {isa = PBXBuildFile; fileRef = 7FFCD4E62305DCC300E731FA /* HTTPCommandSuccessCasesTests.swift */; };
		7FFCD4EA2305F5DB00E731FA /* DataTest.swift in Sources */ = {isa = PBXBuildFile; fileRef = 7FFCD4E92305F5DB00E731FA /* DataTest.swift */; };
		7FFCD4EC2305F6B000E731FA /* LoosyMapperTests.swift in Sources */ = {isa = PBXBuildFile; fileRef = 7FFCD4EB2305F6B000E731FA /* LoosyMapperTests.swift */; };
		7FFCD4EE2305FA5A00E731FA /* URLSessionDataTasksTests.swift in Sources */ = {isa = PBXBuildFile; fileRef = 7FFCD4ED2305FA5A00E731FA /* URLSessionDataTasksTests.swift */; };
		7FFCD4F123071D7300E731FA /* JSONEncoding.swift in Sources */ = {isa = PBXBuildFile; fileRef = 7FFCD4EF23071D7000E731FA /* JSONEncoding.swift */; };
		7FFCD4F423071DB300E731FA /* URLEncoding.swift in Sources */ = {isa = PBXBuildFile; fileRef = 7FFCD4F223071D9600E731FA /* URLEncoding.swift */; };
		7FFCD4F9230721E400E731FA /* Alamofire.framework in Frameworks */ = {isa = PBXBuildFile; fileRef = 7F65D58722FDC1B500FA1762 /* Alamofire.framework */; };
		7FFCD4FC2307235400E731FA /* MockAlamofireSession.swift in Sources */ = {isa = PBXBuildFile; fileRef = 7FFCD4FB2307235400E731FA /* MockAlamofireSession.swift */; };
/* End PBXBuildFile section */

/* Begin PBXContainerItemProxy section */
		7F65D57322FDBFEB00FA1762 /* PBXContainerItemProxy */ = {
			isa = PBXContainerItemProxy;
			containerPortal = 7F6E7CC522FBB81B0083BD1D /* Project object */;
			proxyType = 1;
			remoteGlobalIDString = 7F65D56822FDBFEB00FA1762;
			remoteInfo = "QuickHatch+Alamofire";
		};
		7F65D58022FDBFF800FA1762 /* PBXContainerItemProxy */ = {
			isa = PBXContainerItemProxy;
			containerPortal = 7F6E7CC522FBB81B0083BD1D /* Project object */;
			proxyType = 1;
			remoteGlobalIDString = 7F6E7CCD22FBB81B0083BD1D;
			remoteInfo = QuickHatch;
		};
		7F6E7CD922FBB81B0083BD1D /* PBXContainerItemProxy */ = {
			isa = PBXContainerItemProxy;
			containerPortal = 7F6E7CC522FBB81B0083BD1D /* Project object */;
			proxyType = 1;
			remoteGlobalIDString = 7F6E7CCD22FBB81B0083BD1D;
			remoteInfo = QuickHatch;
		};
/* End PBXContainerItemProxy section */

/* Begin PBXFileReference section */
		7F473F442350FCF400175CB8 /* ErrorsTests.swift */ = {isa = PBXFileReference; lastKnownFileType = sourcecode.swift; path = ErrorsTests.swift; sourceTree = "<group>"; };
		7F473F46235101EB00175CB8 /* URLSessionLayer+StringTests.swift */ = {isa = PBXFileReference; lastKnownFileType = sourcecode.swift; path = "URLSessionLayer+StringTests.swift"; sourceTree = "<group>"; };
		7F473F482351021F00175CB8 /* URLSessionLayerBase.swift */ = {isa = PBXFileReference; lastKnownFileType = sourcecode.swift; path = URLSessionLayerBase.swift; sourceTree = "<group>"; };
		7F473F4A2351143000175CB8 /* URLSessionLayer+JSONTests.swift */ = {isa = PBXFileReference; lastKnownFileType = sourcecode.swift; path = "URLSessionLayer+JSONTests.swift"; sourceTree = "<group>"; };
		7F473F612357969E00175CB8 /* CommandAuthRefresherTests.swift */ = {isa = PBXFileReference; lastKnownFileType = sourcecode.swift; path = CommandAuthRefresherTests.swift; sourceTree = "<group>"; };
		7F473F63235796DC00175CB8 /* CommandTestBase.swift */ = {isa = PBXFileReference; lastKnownFileType = sourcecode.swift; path = CommandTestBase.swift; sourceTree = "<group>"; };
		7F473F662357A8AA00175CB8 /* MockAuthenticationRefresher.swift */ = {isa = PBXFileReference; lastKnownFileType = sourcecode.swift; path = MockAuthenticationRefresher.swift; sourceTree = "<group>"; };
		7F58FAC123D21C160062CFCD /* CommandTrafficControllerMultiSet.swift */ = {isa = PBXFileReference; lastKnownFileType = sourcecode.swift; path = CommandTrafficControllerMultiSet.swift; sourceTree = "<group>"; };
		7F58FAC323D21F780062CFCD /* TrafficControllerMultiSetTests.swift */ = {isa = PBXFileReference; lastKnownFileType = sourcecode.swift; path = TrafficControllerMultiSetTests.swift; sourceTree = "<group>"; };
		7F58FAD423D23A490062CFCD /* QuickHatch.framework */ = {isa = PBXFileReference; explicitFileType = wrapper.framework; includeInIndex = 0; path = QuickHatch.framework; sourceTree = BUILT_PRODUCTS_DIR; };
		7F58FB0123D23AE10062CFCD /* QuickHatch.framework */ = {isa = PBXFileReference; explicitFileType = wrapper.framework; includeInIndex = 0; path = QuickHatch.framework; sourceTree = BUILT_PRODUCTS_DIR; };
		7F58FB2D23D23EAF0062CFCD /* QuickHatch.framework */ = {isa = PBXFileReference; explicitFileType = wrapper.framework; includeInIndex = 0; path = QuickHatch.framework; sourceTree = BUILT_PRODUCTS_DIR; };
		7F65D56922FDBFEB00FA1762 /* QuickHatch_Alamofire.framework */ = {isa = PBXFileReference; explicitFileType = wrapper.framework; includeInIndex = 0; path = QuickHatch_Alamofire.framework; sourceTree = BUILT_PRODUCTS_DIR; };
		7F65D56B22FDBFEB00FA1762 /* QuickHatch_Alamofire.h */ = {isa = PBXFileReference; lastKnownFileType = sourcecode.c.h; path = QuickHatch_Alamofire.h; sourceTree = "<group>"; };
		7F65D56C22FDBFEB00FA1762 /* Info.plist */ = {isa = PBXFileReference; lastKnownFileType = text.plist.xml; path = Info.plist; sourceTree = "<group>"; };
		7F65D57122FDBFEB00FA1762 /* QuickHatch+AlamofireTests.xctest */ = {isa = PBXFileReference; explicitFileType = wrapper.cfbundle; includeInIndex = 0; path = "QuickHatch+AlamofireTests.xctest"; sourceTree = BUILT_PRODUCTS_DIR; };
		7F65D57622FDBFEB00FA1762 /* QuickHatch_AlamofireTests.swift */ = {isa = PBXFileReference; lastKnownFileType = sourcecode.swift; path = QuickHatch_AlamofireTests.swift; sourceTree = "<group>"; };
		7F65D57822FDBFEB00FA1762 /* Info.plist */ = {isa = PBXFileReference; lastKnownFileType = text.plist.xml; path = Info.plist; sourceTree = "<group>"; };
		7F65D58222FDC02D00FA1762 /* AlamofireRequestFactory.swift */ = {isa = PBXFileReference; fileEncoding = 4; lastKnownFileType = sourcecode.swift; path = AlamofireRequestFactory.swift; sourceTree = "<group>"; };
		7F65D58322FDC02D00FA1762 /* AlamofireRequest+Additions.swift */ = {isa = PBXFileReference; fileEncoding = 4; lastKnownFileType = sourcecode.swift; path = "AlamofireRequest+Additions.swift"; sourceTree = "<group>"; };
		7F65D58722FDC1B500FA1762 /* Alamofire.framework */ = {isa = PBXFileReference; lastKnownFileType = wrapper.framework; name = Alamofire.framework; path = Carthage/Build/iOS/Alamofire.framework; sourceTree = "<group>"; };
		7F65D64022FDE59300FA1762 /* Command.swift */ = {isa = PBXFileReference; lastKnownFileType = sourcecode.swift; path = Command.swift; sourceTree = "<group>"; };
		7F698C58235A406600978721 /* URLSessionLayer+ObjectTests.swift */ = {isa = PBXFileReference; lastKnownFileType = sourcecode.swift; path = "URLSessionLayer+ObjectTests.swift"; sourceTree = "<group>"; };
		7F6E7CCE22FBB81B0083BD1D /* QuickHatch.framework */ = {isa = PBXFileReference; explicitFileType = wrapper.framework; includeInIndex = 0; path = QuickHatch.framework; sourceTree = BUILT_PRODUCTS_DIR; };
		7F6E7CD122FBB81B0083BD1D /* QuickHatch.h */ = {isa = PBXFileReference; lastKnownFileType = sourcecode.c.h; path = QuickHatch.h; sourceTree = "<group>"; };
		7F6E7CD222FBB81B0083BD1D /* Info.plist */ = {isa = PBXFileReference; lastKnownFileType = text.plist.xml; path = Info.plist; sourceTree = "<group>"; };
		7F6E7CD722FBB81B0083BD1D /* QuickHatchTests.xctest */ = {isa = PBXFileReference; explicitFileType = wrapper.cfbundle; includeInIndex = 0; path = QuickHatchTests.xctest; sourceTree = BUILT_PRODUCTS_DIR; };
		7F6E7CDC22FBB81B0083BD1D /* QuickHatchTests.swift */ = {isa = PBXFileReference; lastKnownFileType = sourcecode.swift; path = QuickHatchTests.swift; sourceTree = "<group>"; };
		7F6E7CDE22FBB81B0083BD1D /* Info.plist */ = {isa = PBXFileReference; lastKnownFileType = text.plist.xml; path = Info.plist; sourceTree = "<group>"; };
		7F6E7D2522FBB84B0083BD1D /* MockDataModel.swift */ = {isa = PBXFileReference; fileEncoding = 4; lastKnownFileType = sourcecode.swift; path = MockDataModel.swift; sourceTree = "<group>"; };
		7F6E7D2622FBB84B0083BD1D /* URLSessionMock.swift */ = {isa = PBXFileReference; fileEncoding = 4; lastKnownFileType = sourcecode.swift; path = URLSessionMock.swift; sourceTree = "<group>"; };
		7F6E7D2722FBB84B0083BD1D /* URLSessionDataTaskMock.swift */ = {isa = PBXFileReference; fileEncoding = 4; lastKnownFileType = sourcecode.swift; path = URLSessionDataTaskMock.swift; sourceTree = "<group>"; };
		7F6E7D2922FBB84B0083BD1D /* URLSessionLayerTests.swift */ = {isa = PBXFileReference; fileEncoding = 4; lastKnownFileType = sourcecode.swift; path = URLSessionLayerTests.swift; sourceTree = "<group>"; };
		7F6E7D2A22FBB84B0083BD1D /* swifticon.png */ = {isa = PBXFileReference; lastKnownFileType = image.png; path = swifticon.png; sourceTree = "<group>"; };
		7F6E7D2B22FBB84B0083BD1D /* URLSessionLayer+ImageTests.swift */ = {isa = PBXFileReference; fileEncoding = 4; lastKnownFileType = sourcecode.swift; path = "URLSessionLayer+ImageTests.swift"; sourceTree = "<group>"; };
		7F6E7D2D22FBB84B0083BD1D /* HTTPCommandTests.swift */ = {isa = PBXFileReference; fileEncoding = 4; lastKnownFileType = sourcecode.swift; path = HTTPCommandTests.swift; sourceTree = "<group>"; };
		7F6E7D6D22FBBC010083BD1D /* NetworkRequestFactory.swift */ = {isa = PBXFileReference; fileEncoding = 4; lastKnownFileType = sourcecode.swift; path = NetworkRequestFactory.swift; sourceTree = "<group>"; };
		7F6E7D6F22FBBC010083BD1D /* Error+Additions.swift */ = {isa = PBXFileReference; fileEncoding = 4; lastKnownFileType = sourcecode.swift; path = "Error+Additions.swift"; sourceTree = "<group>"; };
		7F6E7D7022FBBC010083BD1D /* HTTPStatusCode.swift */ = {isa = PBXFileReference; fileEncoding = 4; lastKnownFileType = sourcecode.swift; path = HTTPStatusCode.swift; sourceTree = "<group>"; };
		7F6E7D7122FBBC010083BD1D /* RequestError.swift */ = {isa = PBXFileReference; fileEncoding = 4; lastKnownFileType = sourcecode.swift; path = RequestError.swift; sourceTree = "<group>"; };
		7F6E7D7322FBBC010083BD1D /* Authentication.swift */ = {isa = PBXFileReference; fileEncoding = 4; lastKnownFileType = sourcecode.swift; path = Authentication.swift; sourceTree = "<group>"; };
		7F6E7D7722FBBC010083BD1D /* LoosyMapper.swift */ = {isa = PBXFileReference; fileEncoding = 4; lastKnownFileType = sourcecode.swift; path = LoosyMapper.swift; sourceTree = "<group>"; };
		7F6E7D7822FBBC010083BD1D /* ObjectRelationalMapper.swift */ = {isa = PBXFileReference; fileEncoding = 4; lastKnownFileType = sourcecode.swift; path = ObjectRelationalMapper.swift; sourceTree = "<group>"; };
		7F6E7D7B22FBBC010083BD1D /* CommandTrafficController.swift */ = {isa = PBXFileReference; fileEncoding = 4; lastKnownFileType = sourcecode.swift; path = CommandTrafficController.swift; sourceTree = "<group>"; };
		7F6E7D7C22FBBC010083BD1D /* HTTPRequestCommand.swift */ = {isa = PBXFileReference; fileEncoding = 4; lastKnownFileType = sourcecode.swift; path = HTTPRequestCommand.swift; sourceTree = "<group>"; };
		7F6E7D7E22FBBC010083BD1D /* GenericAPI.swift */ = {isa = PBXFileReference; fileEncoding = 4; lastKnownFileType = sourcecode.swift; path = GenericAPI.swift; sourceTree = "<group>"; };
		7F6E7D7F22FBBC010083BD1D /* URLSessionDataTask+Additions.swift */ = {isa = PBXFileReference; fileEncoding = 4; lastKnownFileType = sourcecode.swift; path = "URLSessionDataTask+Additions.swift"; sourceTree = "<group>"; };
		7F6E7D8022FBBC010083BD1D /* Logger.swift */ = {isa = PBXFileReference; fileEncoding = 4; lastKnownFileType = sourcecode.swift; path = Logger.swift; sourceTree = "<group>"; };
		7F6E7D8222FBBC010083BD1D /* URLRequest+Additions.swift */ = {isa = PBXFileReference; fileEncoding = 4; lastKnownFileType = sourcecode.swift; path = "URLRequest+Additions.swift"; sourceTree = "<group>"; };
		7F6E7D8422FBBC010083BD1D /* QuickHatchRequestFactory.swift */ = {isa = PBXFileReference; fileEncoding = 4; lastKnownFileType = sourcecode.swift; path = QuickHatchRequestFactory.swift; sourceTree = "<group>"; };
		7F6E7D8522FBBC010083BD1D /* NetworkRequestFactoryHelper.swift */ = {isa = PBXFileReference; fileEncoding = 4; lastKnownFileType = sourcecode.swift; path = NetworkRequestFactoryHelper.swift; sourceTree = "<group>"; };
		7F6E7D8622FBBC010083BD1D /* Headers.swift */ = {isa = PBXFileReference; fileEncoding = 4; lastKnownFileType = sourcecode.swift; path = Headers.swift; sourceTree = "<group>"; };
		7F6E7D8822FBBC010083BD1D /* URLRequestProtocol.swift */ = {isa = PBXFileReference; fileEncoding = 4; lastKnownFileType = sourcecode.swift; path = URLRequestProtocol.swift; sourceTree = "<group>"; };
		7F6E7D8922FBBC010083BD1D /* ParameterEncoding.swift */ = {isa = PBXFileReference; fileEncoding = 4; lastKnownFileType = sourcecode.swift; path = ParameterEncoding.swift; sourceTree = "<group>"; };
		7F6E7D8A22FBBC010083BD1D /* EncodingError.swift */ = {isa = PBXFileReference; fileEncoding = 4; lastKnownFileType = sourcecode.swift; path = EncodingError.swift; sourceTree = "<group>"; };
		7F6E7D8C22FBBC010083BD1D /* HostEnvironment.swift */ = {isa = PBXFileReference; fileEncoding = 4; lastKnownFileType = sourcecode.swift; path = HostEnvironment.swift; sourceTree = "<group>"; };
		7F6E7D8D22FBBC010083BD1D /* ServerEnvironmentConfiguration.swift */ = {isa = PBXFileReference; fileEncoding = 4; lastKnownFileType = sourcecode.swift; path = ServerEnvironmentConfiguration.swift; sourceTree = "<group>"; };
		7F6E7D8E22FBBC010083BD1D /* NetworkRequestFactory+Image.swift */ = {isa = PBXFileReference; fileEncoding = 4; lastKnownFileType = sourcecode.swift; path = "NetworkRequestFactory+Image.swift"; sourceTree = "<group>"; };
		7FFCD4B722FDEF7700E731FA /* NetworkRequestFactory+Codable.swift */ = {isa = PBXFileReference; lastKnownFileType = sourcecode.swift; path = "NetworkRequestFactory+Codable.swift"; sourceTree = "<group>"; };
		7FFCD4B922FDF34D00E731FA /* URLRequest+Methods.swift */ = {isa = PBXFileReference; lastKnownFileType = sourcecode.swift; path = "URLRequest+Methods.swift"; sourceTree = "<group>"; };
		7FFCD4BB22FDFB5E00E731FA /* NetworkRequestFactory+Dispatch.swift */ = {isa = PBXFileReference; lastKnownFileType = sourcecode.swift; path = "NetworkRequestFactory+Dispatch.swift"; sourceTree = "<group>"; };
		7FFCD4C423030ED700E731FA /* URLRequest+MethodTests.swift */ = {isa = PBXFileReference; lastKnownFileType = sourcecode.swift; path = "URLRequest+MethodTests.swift"; sourceTree = "<group>"; };
		7FFCD4C62303324400E731FA /* MockAuthentication.swift */ = {isa = PBXFileReference; lastKnownFileType = sourcecode.swift; path = MockAuthentication.swift; sourceTree = "<group>"; };
		7FFCD4C9230344AD00E731FA /* URLRequest+AdditionTests.swift */ = {isa = PBXFileReference; lastKnownFileType = sourcecode.swift; path = "URLRequest+AdditionTests.swift"; sourceTree = "<group>"; };
		7FFCD4CD230349E300E731FA /* NetworkSettingsTests.swift */ = {isa = PBXFileReference; lastKnownFileType = sourcecode.swift; path = NetworkSettingsTests.swift; sourceTree = "<group>"; };
		7FFCD4CF23034B0D00E731FA /* MockServerEnvironmentConfiguration.swift */ = {isa = PBXFileReference; lastKnownFileType = sourcecode.swift; path = MockServerEnvironmentConfiguration.swift; sourceTree = "<group>"; };
		7FFCD4D12303524000E731FA /* TrafficControllerTests.swift */ = {isa = PBXFileReference; lastKnownFileType = sourcecode.swift; path = TrafficControllerTests.swift; sourceTree = "<group>"; };
		7FFCD4DB23048E6D00E731FA /* StringEncoding.swift */ = {isa = PBXFileReference; lastKnownFileType = sourcecode.swift; path = StringEncoding.swift; sourceTree = "<group>"; };
		7FFCD4DE2304934F00E731FA /* EncodingHelpers.swift */ = {isa = PBXFileReference; lastKnownFileType = sourcecode.swift; path = EncodingHelpers.swift; sourceTree = "<group>"; };
		7FFCD4E22304962B00E731FA /* StringEncodingTests.swift */ = {isa = PBXFileReference; lastKnownFileType = sourcecode.swift; path = StringEncodingTests.swift; sourceTree = "<group>"; };
		7FFCD4E42304A16300E731FA /* EncodingHelpersTests.swift */ = {isa = PBXFileReference; lastKnownFileType = sourcecode.swift; path = EncodingHelpersTests.swift; sourceTree = "<group>"; };
		7FFCD4E62305DCC300E731FA /* HTTPCommandSuccessCasesTests.swift */ = {isa = PBXFileReference; lastKnownFileType = sourcecode.swift; path = HTTPCommandSuccessCasesTests.swift; sourceTree = "<group>"; };
		7FFCD4E92305F5DB00E731FA /* DataTest.swift */ = {isa = PBXFileReference; lastKnownFileType = sourcecode.swift; path = DataTest.swift; sourceTree = "<group>"; };
		7FFCD4EB2305F6B000E731FA /* LoosyMapperTests.swift */ = {isa = PBXFileReference; lastKnownFileType = sourcecode.swift; path = LoosyMapperTests.swift; sourceTree = "<group>"; };
		7FFCD4ED2305FA5A00E731FA /* URLSessionDataTasksTests.swift */ = {isa = PBXFileReference; lastKnownFileType = sourcecode.swift; path = URLSessionDataTasksTests.swift; sourceTree = "<group>"; };
		7FFCD4EF23071D7000E731FA /* JSONEncoding.swift */ = {isa = PBXFileReference; lastKnownFileType = sourcecode.swift; path = JSONEncoding.swift; sourceTree = "<group>"; };
		7FFCD4F223071D9600E731FA /* URLEncoding.swift */ = {isa = PBXFileReference; lastKnownFileType = sourcecode.swift; path = URLEncoding.swift; sourceTree = "<group>"; };
		7FFCD4FB2307235400E731FA /* MockAlamofireSession.swift */ = {isa = PBXFileReference; lastKnownFileType = sourcecode.swift; path = MockAlamofireSession.swift; sourceTree = "<group>"; };
/* End PBXFileReference section */

/* Begin PBXFrameworksBuildPhase section */
		7F58FAD123D23A490062CFCD /* Frameworks */ = {
			isa = PBXFrameworksBuildPhase;
			buildActionMask = 2147483647;
			files = (
			);
			runOnlyForDeploymentPostprocessing = 0;
		};
		7F58FAFE23D23AE10062CFCD /* Frameworks */ = {
			isa = PBXFrameworksBuildPhase;
			buildActionMask = 2147483647;
			files = (
			);
			runOnlyForDeploymentPostprocessing = 0;
		};
		7F58FB2A23D23EAF0062CFCD /* Frameworks */ = {
			isa = PBXFrameworksBuildPhase;
			buildActionMask = 2147483647;
			files = (
			);
			runOnlyForDeploymentPostprocessing = 0;
		};
		7F65D56622FDBFEB00FA1762 /* Frameworks */ = {
			isa = PBXFrameworksBuildPhase;
			buildActionMask = 2147483647;
			files = (
				7F65D58822FDC1B500FA1762 /* Alamofire.framework in Frameworks */,
			);
			runOnlyForDeploymentPostprocessing = 0;
		};
		7F65D56E22FDBFEB00FA1762 /* Frameworks */ = {
			isa = PBXFrameworksBuildPhase;
			buildActionMask = 2147483647;
			files = (
				7FFCD4F9230721E400E731FA /* Alamofire.framework in Frameworks */,
				7F65D57222FDBFEB00FA1762 /* QuickHatch_Alamofire.framework in Frameworks */,
			);
			runOnlyForDeploymentPostprocessing = 0;
		};
		7F6E7CCB22FBB81B0083BD1D /* Frameworks */ = {
			isa = PBXFrameworksBuildPhase;
			buildActionMask = 2147483647;
			files = (
			);
			runOnlyForDeploymentPostprocessing = 0;
		};
		7F6E7CD422FBB81B0083BD1D /* Frameworks */ = {
			isa = PBXFrameworksBuildPhase;
			buildActionMask = 2147483647;
			files = (
				7F6E7CD822FBB81B0083BD1D /* QuickHatch.framework in Frameworks */,
			);
			runOnlyForDeploymentPostprocessing = 0;
		};
/* End PBXFrameworksBuildPhase section */

/* Begin PBXGroup section */
		7F58FAC523D22A7C0062CFCD /* Traffic Controller */ = {
			isa = PBXGroup;
			children = (
				7F6E7D7B22FBBC010083BD1D /* CommandTrafficController.swift */,
				7F58FAC123D21C160062CFCD /* CommandTrafficControllerMultiSet.swift */,
			);
			path = "Traffic Controller";
			sourceTree = "<group>";
		};
		7F65D56A22FDBFEB00FA1762 /* QuickHatch+Alamofire */ = {
			isa = PBXGroup;
			children = (
				7F65D58322FDC02D00FA1762 /* AlamofireRequest+Additions.swift */,
				7F65D58222FDC02D00FA1762 /* AlamofireRequestFactory.swift */,
				7F65D56B22FDBFEB00FA1762 /* QuickHatch_Alamofire.h */,
				7F65D56C22FDBFEB00FA1762 /* Info.plist */,
			);
			path = "QuickHatch+Alamofire";
			sourceTree = "<group>";
		};
		7F65D57522FDBFEB00FA1762 /* QuickHatch+AlamofireTests */ = {
			isa = PBXGroup;
			children = (
				7F65D57622FDBFEB00FA1762 /* QuickHatch_AlamofireTests.swift */,
				7F65D57822FDBFEB00FA1762 /* Info.plist */,
				7FFCD4FB2307235400E731FA /* MockAlamofireSession.swift */,
			);
			path = "QuickHatch+AlamofireTests";
			sourceTree = "<group>";
		};
		7F65D58622FDC1B500FA1762 /* Frameworks */ = {
			isa = PBXGroup;
			children = (
				7F65D58722FDC1B500FA1762 /* Alamofire.framework */,
			);
			name = Frameworks;
			sourceTree = "<group>";
		};
		7F698C57235A342C00978721 /* Core */ = {
			isa = PBXGroup;
			children = (
				7F6E7D6E22FBBC010083BD1D /* Errors */,
				7F6E7D6D22FBBC010083BD1D /* NetworkRequestFactory.swift */,
				7FFCD4B722FDEF7700E731FA /* NetworkRequestFactory+Codable.swift */,
				7FFCD4BB22FDFB5E00E731FA /* NetworkRequestFactory+Dispatch.swift */,
				7F6E7D8E22FBBC010083BD1D /* NetworkRequestFactory+Image.swift */,
				7F6E7D8722FBBC010083BD1D /* ParameterEncoding */,
				7F6E7D8322FBBC010083BD1D /* QuickHatchNetworking */,
				7F6E7D7D22FBBC010083BD1D /* Utils */,
			);
			path = Core;
			sourceTree = "<group>";
		};
		7F6E7CC422FBB81B0083BD1D = {
			isa = PBXGroup;
			children = (
				7F6E7CD022FBB81B0083BD1D /* Sources */,
				7F6E7CDB22FBB81B0083BD1D /* Tests */,
				7F65D56A22FDBFEB00FA1762 /* QuickHatch+Alamofire */,
				7F65D57522FDBFEB00FA1762 /* QuickHatch+AlamofireTests */,
				7F6E7CCF22FBB81B0083BD1D /* Products */,
				7F65D58622FDC1B500FA1762 /* Frameworks */,
			);
			sourceTree = "<group>";
		};
		7F6E7CCF22FBB81B0083BD1D /* Products */ = {
			isa = PBXGroup;
			children = (
				7F6E7CCE22FBB81B0083BD1D /* QuickHatch.framework */,
				7F6E7CD722FBB81B0083BD1D /* QuickHatchTests.xctest */,
				7F65D56922FDBFEB00FA1762 /* QuickHatch_Alamofire.framework */,
				7F65D57122FDBFEB00FA1762 /* QuickHatch+AlamofireTests.xctest */,
				7F58FAD423D23A490062CFCD /* QuickHatch.framework */,
				7F58FB0123D23AE10062CFCD /* QuickHatch.framework */,
				7F58FB2D23D23EAF0062CFCD /* QuickHatch.framework */,
			);
			name = Products;
			sourceTree = "<group>";
		};
		7F6E7CD022FBB81B0083BD1D /* Sources */ = {
			isa = PBXGroup;
			children = (
				7F6E7D7222FBBC010083BD1D /* Authentication */,
				7F6E7D7A22FBBC010083BD1D /* Command */,
				7F698C57235A342C00978721 /* Core */,
				7F6E7CD222FBB81B0083BD1D /* Info.plist */,
				7F6E7D7622FBBC010083BD1D /* Mapper */,
				7F6E7D8B22FBBC010083BD1D /* Network Settings */,
				7F6E7CD122FBB81B0083BD1D /* QuickHatch.h */,
			);
			path = Sources;
			sourceTree = "<group>";
		};
		7F6E7CDB22FBB81B0083BD1D /* Tests */ = {
			isa = PBXGroup;
			children = (
				7FFCD50323072D7B00E731FA /* Helpers */,
				7FFCD4E82305F5C700E731FA /* Object Mapper Tests */,
				7FFCD4E12304961700E731FA /* Parameter Encoding Tests */,
				7FFCD4CC230349C500E731FA /* Network Settings Tests */,
				7FFCD4C323030EBD00E731FA /* URLRequestTests */,
				7F6E7D2C22FBB84B0083BD1D /* CommandTests */,
				7F6E7D2822FBB84B0083BD1D /* URLSessionLayerTests */,
				7F6E7CDC22FBB81B0083BD1D /* QuickHatchTests.swift */,
				7F6E7CDE22FBB81B0083BD1D /* Info.plist */,
			);
			path = Tests;
			sourceTree = "<group>";
		};
		7F6E7D2422FBB84B0083BD1D /* Mocks */ = {
			isa = PBXGroup;
			children = (
				7F6E7D2522FBB84B0083BD1D /* MockDataModel.swift */,
				7F6E7D2622FBB84B0083BD1D /* URLSessionMock.swift */,
				7F6E7D2722FBB84B0083BD1D /* URLSessionDataTaskMock.swift */,
				7FFCD4C62303324400E731FA /* MockAuthentication.swift */,
				7FFCD4CF23034B0D00E731FA /* MockServerEnvironmentConfiguration.swift */,
				7F473F662357A8AA00175CB8 /* MockAuthenticationRefresher.swift */,
			);
			path = Mocks;
			sourceTree = "<group>";
		};
		7F6E7D2822FBB84B0083BD1D /* URLSessionLayerTests */ = {
			isa = PBXGroup;
			children = (
				7F6E7D2922FBB84B0083BD1D /* URLSessionLayerTests.swift */,
				7F6E7D2A22FBB84B0083BD1D /* swifticon.png */,
				7F6E7D2B22FBB84B0083BD1D /* URLSessionLayer+ImageTests.swift */,
				7FFCD4ED2305FA5A00E731FA /* URLSessionDataTasksTests.swift */,
				7F473F46235101EB00175CB8 /* URLSessionLayer+StringTests.swift */,
				7F473F482351021F00175CB8 /* URLSessionLayerBase.swift */,
				7F473F4A2351143000175CB8 /* URLSessionLayer+JSONTests.swift */,
				7F698C58235A406600978721 /* URLSessionLayer+ObjectTests.swift */,
			);
			path = URLSessionLayerTests;
			sourceTree = "<group>";
		};
		7F6E7D2C22FBB84B0083BD1D /* CommandTests */ = {
			isa = PBXGroup;
			children = (
				7F473F612357969E00175CB8 /* CommandAuthRefresherTests.swift */,
				7F473F63235796DC00175CB8 /* CommandTestBase.swift */,
				7FFCD4E62305DCC300E731FA /* HTTPCommandSuccessCasesTests.swift */,
				7F6E7D2D22FBB84B0083BD1D /* HTTPCommandTests.swift */,
				7F58FAC323D21F780062CFCD /* TrafficControllerMultiSetTests.swift */,
				7FFCD4D12303524000E731FA /* TrafficControllerTests.swift */,
			);
			path = CommandTests;
			sourceTree = "<group>";
		};
		7F6E7D6E22FBBC010083BD1D /* Errors */ = {
			isa = PBXGroup;
			children = (
				7F6E7D6F22FBBC010083BD1D /* Error+Additions.swift */,
				7F6E7D7022FBBC010083BD1D /* HTTPStatusCode.swift */,
				7F6E7D7122FBBC010083BD1D /* RequestError.swift */,
			);
			path = Errors;
			sourceTree = "<group>";
		};
		7F6E7D7222FBBC010083BD1D /* Authentication */ = {
			isa = PBXGroup;
			children = (
				7F6E7D7322FBBC010083BD1D /* Authentication.swift */,
			);
			path = Authentication;
			sourceTree = "<group>";
		};
		7F6E7D7622FBBC010083BD1D /* Mapper */ = {
			isa = PBXGroup;
			children = (
				7F6E7D7722FBBC010083BD1D /* LoosyMapper.swift */,
				7F6E7D7822FBBC010083BD1D /* ObjectRelationalMapper.swift */,
			);
			path = Mapper;
			sourceTree = "<group>";
		};
		7F6E7D7A22FBBC010083BD1D /* Command */ = {
			isa = PBXGroup;
			children = (
				7F58FAC523D22A7C0062CFCD /* Traffic Controller */,
				7F65D64022FDE59300FA1762 /* Command.swift */,
				7F6E7D7C22FBBC010083BD1D /* HTTPRequestCommand.swift */,
			);
			path = Command;
			sourceTree = "<group>";
		};
		7F6E7D7D22FBBC010083BD1D /* Utils */ = {
			isa = PBXGroup;
			children = (
				7F6E7D8022FBBC010083BD1D /* Logger.swift */,
				7F6E7D7E22FBBC010083BD1D /* GenericAPI.swift */,
				7F6E7D8222FBBC010083BD1D /* URLRequest+Additions.swift */,
				7FFCD4B922FDF34D00E731FA /* URLRequest+Methods.swift */,
				7F6E7D7F22FBBC010083BD1D /* URLSessionDataTask+Additions.swift */,
			);
			path = Utils;
			sourceTree = "<group>";
		};
		7F6E7D8322FBBC010083BD1D /* QuickHatchNetworking */ = {
			isa = PBXGroup;
			children = (
				7F6E7D8622FBBC010083BD1D /* Headers.swift */,
				7F6E7D8522FBBC010083BD1D /* NetworkRequestFactoryHelper.swift */,
				7F6E7D8422FBBC010083BD1D /* QuickHatchRequestFactory.swift */,
			);
			path = QuickHatchNetworking;
			sourceTree = "<group>";
		};
		7F6E7D8722FBBC010083BD1D /* ParameterEncoding */ = {
			isa = PBXGroup;
			children = (
				7F6E7D8822FBBC010083BD1D /* URLRequestProtocol.swift */,
				7F6E7D8922FBBC010083BD1D /* ParameterEncoding.swift */,
				7F6E7D8A22FBBC010083BD1D /* EncodingError.swift */,
				7FFCD4DB23048E6D00E731FA /* StringEncoding.swift */,
				7FFCD4DE2304934F00E731FA /* EncodingHelpers.swift */,
				7FFCD4EF23071D7000E731FA /* JSONEncoding.swift */,
				7FFCD4F223071D9600E731FA /* URLEncoding.swift */,
			);
			path = ParameterEncoding;
			sourceTree = "<group>";
		};
		7F6E7D8B22FBBC010083BD1D /* Network Settings */ = {
			isa = PBXGroup;
			children = (
				7F6E7D8C22FBBC010083BD1D /* HostEnvironment.swift */,
				7F6E7D8D22FBBC010083BD1D /* ServerEnvironmentConfiguration.swift */,
			);
			path = "Network Settings";
			sourceTree = "<group>";
		};
		7FFCD4C323030EBD00E731FA /* URLRequestTests */ = {
			isa = PBXGroup;
			children = (
				7FFCD4C423030ED700E731FA /* URLRequest+MethodTests.swift */,
				7FFCD4C9230344AD00E731FA /* URLRequest+AdditionTests.swift */,
			);
			path = URLRequestTests;
			sourceTree = "<group>";
		};
		7FFCD4CC230349C500E731FA /* Network Settings Tests */ = {
			isa = PBXGroup;
			children = (
				7FFCD4CD230349E300E731FA /* NetworkSettingsTests.swift */,
			);
			path = "Network Settings Tests";
			sourceTree = "<group>";
		};
		7FFCD4E12304961700E731FA /* Parameter Encoding Tests */ = {
			isa = PBXGroup;
			children = (
				7FFCD4E22304962B00E731FA /* StringEncodingTests.swift */,
				7FFCD4E42304A16300E731FA /* EncodingHelpersTests.swift */,
			);
			path = "Parameter Encoding Tests";
			sourceTree = "<group>";
		};
		7FFCD4E82305F5C700E731FA /* Object Mapper Tests */ = {
			isa = PBXGroup;
			children = (
				7FFCD4E92305F5DB00E731FA /* DataTest.swift */,
				7FFCD4EB2305F6B000E731FA /* LoosyMapperTests.swift */,
			);
			path = "Object Mapper Tests";
			sourceTree = "<group>";
		};
		7FFCD50323072D7B00E731FA /* Helpers */ = {
			isa = PBXGroup;
			children = (
				7F6E7D2422FBB84B0083BD1D /* Mocks */,
				7F473F442350FCF400175CB8 /* ErrorsTests.swift */,
			);
			path = Helpers;
			sourceTree = "<group>";
		};
/* End PBXGroup section */

/* Begin PBXHeadersBuildPhase section */
		7F58FACF23D23A490062CFCD /* Headers */ = {
			isa = PBXHeadersBuildPhase;
			buildActionMask = 2147483647;
			files = (
			);
			runOnlyForDeploymentPostprocessing = 0;
		};
		7F58FAFC23D23AE10062CFCD /* Headers */ = {
			isa = PBXHeadersBuildPhase;
			buildActionMask = 2147483647;
			files = (
			);
			runOnlyForDeploymentPostprocessing = 0;
		};
		7F58FB2823D23EAF0062CFCD /* Headers */ = {
			isa = PBXHeadersBuildPhase;
			buildActionMask = 2147483647;
			files = (
			);
			runOnlyForDeploymentPostprocessing = 0;
		};
		7F65D56422FDBFEB00FA1762 /* Headers */ = {
			isa = PBXHeadersBuildPhase;
			buildActionMask = 2147483647;
			files = (
				7F65D57922FDBFEB00FA1762 /* QuickHatch_Alamofire.h in Headers */,
			);
			runOnlyForDeploymentPostprocessing = 0;
		};
		7F6E7CC922FBB81B0083BD1D /* Headers */ = {
			isa = PBXHeadersBuildPhase;
			buildActionMask = 2147483647;
			files = (
				7F6E7CDF22FBB81B0083BD1D /* QuickHatch.h in Headers */,
			);
			runOnlyForDeploymentPostprocessing = 0;
		};
/* End PBXHeadersBuildPhase section */

/* Begin PBXNativeTarget section */
		7F58FAD323D23A490062CFCD /* QuickHatch-OSX */ = {
			isa = PBXNativeTarget;
			buildConfigurationList = 7F58FAD923D23A4A0062CFCD /* Build configuration list for PBXNativeTarget "QuickHatch-OSX" */;
			buildPhases = (
				7F58FACF23D23A490062CFCD /* Headers */,
				7F58FAD023D23A490062CFCD /* Sources */,
				7F58FAD123D23A490062CFCD /* Frameworks */,
				7F58FAD223D23A490062CFCD /* Resources */,
			);
			buildRules = (
			);
			dependencies = (
			);
			name = "QuickHatch-OSX";
			productName = "QuickHatch-OSX";
			productReference = 7F58FAD423D23A490062CFCD /* QuickHatch.framework */;
			productType = "com.apple.product-type.framework";
		};
		7F58FB0023D23AE10062CFCD /* QuickHatch-WatchOS */ = {
			isa = PBXNativeTarget;
			buildConfigurationList = 7F58FB0623D23AE10062CFCD /* Build configuration list for PBXNativeTarget "QuickHatch-WatchOS" */;
			buildPhases = (
				7F58FAFC23D23AE10062CFCD /* Headers */,
				7F58FAFD23D23AE10062CFCD /* Sources */,
				7F58FAFE23D23AE10062CFCD /* Frameworks */,
				7F58FAFF23D23AE10062CFCD /* Resources */,
			);
			buildRules = (
			);
			dependencies = (
			);
			name = "QuickHatch-WatchOS";
			productName = "QuickHatch-WatchOS";
			productReference = 7F58FB0123D23AE10062CFCD /* QuickHatch.framework */;
			productType = "com.apple.product-type.framework";
		};
		7F58FB2C23D23EAF0062CFCD /* QuickHatch-TvOS */ = {
			isa = PBXNativeTarget;
			buildConfigurationList = 7F58FB3223D23EAF0062CFCD /* Build configuration list for PBXNativeTarget "QuickHatch-TvOS" */;
			buildPhases = (
				7F58FB2823D23EAF0062CFCD /* Headers */,
				7F58FB2923D23EAF0062CFCD /* Sources */,
				7F58FB2A23D23EAF0062CFCD /* Frameworks */,
				7F58FB2B23D23EAF0062CFCD /* Resources */,
			);
			buildRules = (
			);
			dependencies = (
			);
			name = "QuickHatch-TvOS";
			productName = "QuickHatch-TvOS";
			productReference = 7F58FB2D23D23EAF0062CFCD /* QuickHatch.framework */;
			productType = "com.apple.product-type.framework";
		};
		7F65D56822FDBFEB00FA1762 /* QuickHatch+Alamofire */ = {
			isa = PBXNativeTarget;
			buildConfigurationList = 7F65D57A22FDBFEB00FA1762 /* Build configuration list for PBXNativeTarget "QuickHatch+Alamofire" */;
			buildPhases = (
				7F65D56422FDBFEB00FA1762 /* Headers */,
				7F65D56522FDBFEB00FA1762 /* Sources */,
				7F65D56622FDBFEB00FA1762 /* Frameworks */,
				7F65D56722FDBFEB00FA1762 /* Resources */,
				7F65D58922FDC1FE00FA1762 /* ShellScript */,
			);
			buildRules = (
			);
			dependencies = (
				7F65D58122FDBFF800FA1762 /* PBXTargetDependency */,
			);
			name = "QuickHatch+Alamofire";
			productName = "QuickHatch+Alamofire";
			productReference = 7F65D56922FDBFEB00FA1762 /* QuickHatch_Alamofire.framework */;
			productType = "com.apple.product-type.framework";
		};
		7F65D57022FDBFEB00FA1762 /* QuickHatch+AlamofireTests */ = {
			isa = PBXNativeTarget;
			buildConfigurationList = 7F65D57D22FDBFEB00FA1762 /* Build configuration list for PBXNativeTarget "QuickHatch+AlamofireTests" */;
			buildPhases = (
				7F65D56D22FDBFEB00FA1762 /* Sources */,
				7F65D56E22FDBFEB00FA1762 /* Frameworks */,
				7F65D56F22FDBFEB00FA1762 /* Resources */,
				7FFCD4FA230721F600E731FA /* ShellScript */,
			);
			buildRules = (
			);
			dependencies = (
				7F65D57422FDBFEB00FA1762 /* PBXTargetDependency */,
			);
			name = "QuickHatch+AlamofireTests";
			productName = "QuickHatch+AlamofireTests";
			productReference = 7F65D57122FDBFEB00FA1762 /* QuickHatch+AlamofireTests.xctest */;
			productType = "com.apple.product-type.bundle.unit-test";
		};
		7F6E7CCD22FBB81B0083BD1D /* QuickHatch */ = {
			isa = PBXNativeTarget;
			buildConfigurationList = 7F6E7CE222FBB81B0083BD1D /* Build configuration list for PBXNativeTarget "QuickHatch" */;
			buildPhases = (
				7F6E7CC922FBB81B0083BD1D /* Headers */,
				7F6E7CCA22FBB81B0083BD1D /* Sources */,
				7F6E7CCB22FBB81B0083BD1D /* Frameworks */,
				7F6E7CCC22FBB81B0083BD1D /* Resources */,
			);
			buildRules = (
			);
			dependencies = (
			);
			name = QuickHatch;
			productName = QuickHatch;
			productReference = 7F6E7CCE22FBB81B0083BD1D /* QuickHatch.framework */;
			productType = "com.apple.product-type.framework";
		};
		7F6E7CD622FBB81B0083BD1D /* QuickHatchTests */ = {
			isa = PBXNativeTarget;
			buildConfigurationList = 7F6E7CE522FBB81B0083BD1D /* Build configuration list for PBXNativeTarget "QuickHatchTests" */;
			buildPhases = (
				7F6E7CD322FBB81B0083BD1D /* Sources */,
				7F6E7CD422FBB81B0083BD1D /* Frameworks */,
				7F6E7CD522FBB81B0083BD1D /* Resources */,
			);
			buildRules = (
			);
			dependencies = (
				7F6E7CDA22FBB81B0083BD1D /* PBXTargetDependency */,
			);
			name = QuickHatchTests;
			productName = QuickHatchTests;
			productReference = 7F6E7CD722FBB81B0083BD1D /* QuickHatchTests.xctest */;
			productType = "com.apple.product-type.bundle.unit-test";
		};
/* End PBXNativeTarget section */

/* Begin PBXProject section */
		7F6E7CC522FBB81B0083BD1D /* Project object */ = {
			isa = PBXProject;
			attributes = {
				LastSwiftUpdateCheck = 1020;
				LastUpgradeCheck = 1020;
				ORGANIZATIONNAME = "DaVinci Labs";
				TargetAttributes = {
					7F58FAD323D23A490062CFCD = {
						CreatedOnToolsVersion = 11.1;
					};
					7F58FB0023D23AE10062CFCD = {
						CreatedOnToolsVersion = 11.1;
					};
					7F58FB2C23D23EAF0062CFCD = {
						CreatedOnToolsVersion = 11.1;
					};
					7F65D56822FDBFEB00FA1762 = {
						CreatedOnToolsVersion = 10.2.1;
						LastSwiftMigration = 1020;
					};
					7F65D57022FDBFEB00FA1762 = {
						CreatedOnToolsVersion = 10.2.1;
					};
					7F6E7CCD22FBB81B0083BD1D = {
						CreatedOnToolsVersion = 10.2.1;
						LastSwiftMigration = 1020;
					};
					7F6E7CD622FBB81B0083BD1D = {
						CreatedOnToolsVersion = 10.2.1;
					};
				};
			};
			buildConfigurationList = 7F6E7CC822FBB81B0083BD1D /* Build configuration list for PBXProject "QuickHatch" */;
			compatibilityVersion = "Xcode 9.3";
			developmentRegion = en;
			hasScannedForEncodings = 0;
			knownRegions = (
				en,
			);
			mainGroup = 7F6E7CC422FBB81B0083BD1D;
			productRefGroup = 7F6E7CCF22FBB81B0083BD1D /* Products */;
			projectDirPath = "";
			projectRoot = "";
			targets = (
				7F6E7CCD22FBB81B0083BD1D /* QuickHatch */,
				7F6E7CD622FBB81B0083BD1D /* QuickHatchTests */,
				7F65D56822FDBFEB00FA1762 /* QuickHatch+Alamofire */,
				7F65D57022FDBFEB00FA1762 /* QuickHatch+AlamofireTests */,
				7F58FAD323D23A490062CFCD /* QuickHatch-OSX */,
				7F58FB0023D23AE10062CFCD /* QuickHatch-WatchOS */,
				7F58FB2C23D23EAF0062CFCD /* QuickHatch-TvOS */,
			);
		};
/* End PBXProject section */

/* Begin PBXResourcesBuildPhase section */
		7F58FAD223D23A490062CFCD /* Resources */ = {
			isa = PBXResourcesBuildPhase;
			buildActionMask = 2147483647;
			files = (
			);
			runOnlyForDeploymentPostprocessing = 0;
		};
		7F58FAFF23D23AE10062CFCD /* Resources */ = {
			isa = PBXResourcesBuildPhase;
			buildActionMask = 2147483647;
			files = (
			);
			runOnlyForDeploymentPostprocessing = 0;
		};
		7F58FB2B23D23EAF0062CFCD /* Resources */ = {
			isa = PBXResourcesBuildPhase;
			buildActionMask = 2147483647;
			files = (
			);
			runOnlyForDeploymentPostprocessing = 0;
		};
		7F65D56722FDBFEB00FA1762 /* Resources */ = {
			isa = PBXResourcesBuildPhase;
			buildActionMask = 2147483647;
			files = (
			);
			runOnlyForDeploymentPostprocessing = 0;
		};
		7F65D56F22FDBFEB00FA1762 /* Resources */ = {
			isa = PBXResourcesBuildPhase;
			buildActionMask = 2147483647;
			files = (
			);
			runOnlyForDeploymentPostprocessing = 0;
		};
		7F6E7CCC22FBB81B0083BD1D /* Resources */ = {
			isa = PBXResourcesBuildPhase;
			buildActionMask = 2147483647;
			files = (
			);
			runOnlyForDeploymentPostprocessing = 0;
		};
		7F6E7CD522FBB81B0083BD1D /* Resources */ = {
			isa = PBXResourcesBuildPhase;
			buildActionMask = 2147483647;
			files = (
				7F6E7D3322FBB84B0083BD1D /* swifticon.png in Resources */,
			);
			runOnlyForDeploymentPostprocessing = 0;
		};
/* End PBXResourcesBuildPhase section */

/* Begin PBXShellScriptBuildPhase section */
		7F65D58922FDC1FE00FA1762 /* ShellScript */ = {
			isa = PBXShellScriptBuildPhase;
			buildActionMask = 2147483647;
			files = (
			);
			inputFileListPaths = (
			);
			inputPaths = (
				"$(SRCROOT)/Carthage/Build/iOS/Alamofire.framework",
			);
			outputFileListPaths = (
			);
			outputPaths = (
				"$(BUILT_PRODUCTS_DIR)/$(FRAMEWORKS_FOLDER_PATH)/QuickHatch+Alamofire.framework",
			);
			runOnlyForDeploymentPostprocessing = 0;
			shellPath = /bin/sh;
			shellScript = "/usr/local/bin/carthage copy-frameworks\n";
		};
		7FFCD4FA230721F600E731FA /* ShellScript */ = {
			isa = PBXShellScriptBuildPhase;
			buildActionMask = 2147483647;
			files = (
			);
			inputFileListPaths = (
			);
			inputPaths = (
				"$(SRCROOT)/Carthage/Build/iOS/Alamofire.framework",
			);
			outputFileListPaths = (
			);
			outputPaths = (
			);
			runOnlyForDeploymentPostprocessing = 0;
			shellPath = /bin/sh;
			shellScript = "/usr/local/bin/carthage copy-frameworks\n\n";
		};
/* End PBXShellScriptBuildPhase section */

/* Begin PBXSourcesBuildPhase section */
		7F58FAD023D23A490062CFCD /* Sources */ = {
			isa = PBXSourcesBuildPhase;
			buildActionMask = 2147483647;
			files = (
				7F58FADC23D23A770062CFCD /* Authentication.swift in Sources */,
				7F58FADD23D23A770062CFCD /* CommandTrafficController.swift in Sources */,
				7F58FADE23D23A770062CFCD /* CommandTrafficControllerMultiSet.swift in Sources */,
				7F58FADF23D23A770062CFCD /* Command.swift in Sources */,
				7F58FAE023D23A770062CFCD /* HTTPRequestCommand.swift in Sources */,
				7F58FAE123D23A770062CFCD /* Error+Additions.swift in Sources */,
				7F58FAE223D23A770062CFCD /* HTTPStatusCode.swift in Sources */,
				7F58FAE323D23A770062CFCD /* RequestError.swift in Sources */,
				7F58FAE423D23A770062CFCD /* NetworkRequestFactory.swift in Sources */,
				7F58FAE523D23A770062CFCD /* NetworkRequestFactory+Codable.swift in Sources */,
				7F58FAE623D23A770062CFCD /* NetworkRequestFactory+Dispatch.swift in Sources */,
				7F58FAE723D23A770062CFCD /* NetworkRequestFactory+Image.swift in Sources */,
				7F58FAE823D23A770062CFCD /* URLRequestProtocol.swift in Sources */,
				7F58FAE923D23A770062CFCD /* ParameterEncoding.swift in Sources */,
				7F58FAEA23D23A770062CFCD /* EncodingError.swift in Sources */,
				7F58FAEB23D23A770062CFCD /* StringEncoding.swift in Sources */,
				7F58FAEC23D23A770062CFCD /* EncodingHelpers.swift in Sources */,
				7F58FAED23D23A770062CFCD /* JSONEncoding.swift in Sources */,
				7F58FAEE23D23A770062CFCD /* URLEncoding.swift in Sources */,
				7F58FAEF23D23A770062CFCD /* Headers.swift in Sources */,
				7F58FAF023D23A770062CFCD /* NetworkRequestFactoryHelper.swift in Sources */,
				7F58FAF123D23A770062CFCD /* QuickHatchRequestFactory.swift in Sources */,
				7F58FAF223D23A770062CFCD /* Logger.swift in Sources */,
				7F58FAF323D23A770062CFCD /* GenericAPI.swift in Sources */,
				7F58FAF423D23A770062CFCD /* URLRequest+Additions.swift in Sources */,
				7F58FAF523D23A770062CFCD /* URLRequest+Methods.swift in Sources */,
				7F58FAF623D23A770062CFCD /* URLSessionDataTask+Additions.swift in Sources */,
				7F58FAF823D23A780062CFCD /* LoosyMapper.swift in Sources */,
				7F58FAF923D23A780062CFCD /* ObjectRelationalMapper.swift in Sources */,
				7F58FAFA23D23A780062CFCD /* HostEnvironment.swift in Sources */,
				7F58FAFB23D23A780062CFCD /* ServerEnvironmentConfiguration.swift in Sources */,
			);
			runOnlyForDeploymentPostprocessing = 0;
		};
		7F58FAFD23D23AE10062CFCD /* Sources */ = {
			isa = PBXSourcesBuildPhase;
			buildActionMask = 2147483647;
			files = (
				7F58FB0923D23AEF0062CFCD /* Authentication.swift in Sources */,
				7F58FB0A23D23AEF0062CFCD /* CommandTrafficController.swift in Sources */,
				7F58FB0B23D23AEF0062CFCD /* CommandTrafficControllerMultiSet.swift in Sources */,
				7F58FB0C23D23AEF0062CFCD /* Command.swift in Sources */,
				7F58FB0D23D23AEF0062CFCD /* HTTPRequestCommand.swift in Sources */,
				7F58FB0E23D23AEF0062CFCD /* Error+Additions.swift in Sources */,
				7F58FB0F23D23AEF0062CFCD /* HTTPStatusCode.swift in Sources */,
				7F58FB1023D23AEF0062CFCD /* RequestError.swift in Sources */,
				7F58FB1123D23AEF0062CFCD /* NetworkRequestFactory.swift in Sources */,
				7F58FB1223D23AEF0062CFCD /* NetworkRequestFactory+Codable.swift in Sources */,
				7F58FB1323D23AF00062CFCD /* NetworkRequestFactory+Dispatch.swift in Sources */,
				7F58FB1423D23AF00062CFCD /* NetworkRequestFactory+Image.swift in Sources */,
				7F58FB1523D23AF00062CFCD /* URLRequestProtocol.swift in Sources */,
				7F58FB1623D23AF00062CFCD /* ParameterEncoding.swift in Sources */,
				7F58FB1723D23AF00062CFCD /* EncodingError.swift in Sources */,
				7F58FB1823D23AF00062CFCD /* StringEncoding.swift in Sources */,
				7F58FB1923D23AF00062CFCD /* EncodingHelpers.swift in Sources */,
				7F58FB1A23D23AF00062CFCD /* JSONEncoding.swift in Sources */,
				7F58FB1B23D23AF00062CFCD /* URLEncoding.swift in Sources */,
				7F58FB1C23D23AF00062CFCD /* Headers.swift in Sources */,
				7F58FB1D23D23AF00062CFCD /* NetworkRequestFactoryHelper.swift in Sources */,
				7F58FB1E23D23AF00062CFCD /* QuickHatchRequestFactory.swift in Sources */,
				7F58FB1F23D23AF00062CFCD /* Logger.swift in Sources */,
				7F58FB2023D23AF00062CFCD /* GenericAPI.swift in Sources */,
				7F58FB2123D23AF00062CFCD /* URLRequest+Additions.swift in Sources */,
				7F58FB2223D23AF00062CFCD /* URLRequest+Methods.swift in Sources */,
				7F58FB2323D23AF00062CFCD /* URLSessionDataTask+Additions.swift in Sources */,
				7F58FB2423D23AF00062CFCD /* LoosyMapper.swift in Sources */,
				7F58FB2523D23AF00062CFCD /* ObjectRelationalMapper.swift in Sources */,
				7F58FB2623D23AF00062CFCD /* HostEnvironment.swift in Sources */,
				7F58FB2723D23AF00062CFCD /* ServerEnvironmentConfiguration.swift in Sources */,
			);
			runOnlyForDeploymentPostprocessing = 0;
		};
		7F58FB2923D23EAF0062CFCD /* Sources */ = {
			isa = PBXSourcesBuildPhase;
			buildActionMask = 2147483647;
			files = (
				7F58FB3523D23EF40062CFCD /* Authentication.swift in Sources */,
				7F58FB3623D23EF40062CFCD /* CommandTrafficController.swift in Sources */,
				7F58FB3723D23EF40062CFCD /* CommandTrafficControllerMultiSet.swift in Sources */,
				7F58FB3823D23EF40062CFCD /* Command.swift in Sources */,
				7F58FB3923D23EF40062CFCD /* HTTPRequestCommand.swift in Sources */,
				7F58FB3A23D23EF40062CFCD /* Error+Additions.swift in Sources */,
				7F58FB3B23D23EF40062CFCD /* HTTPStatusCode.swift in Sources */,
				7F58FB3C23D23EF40062CFCD /* RequestError.swift in Sources */,
				7F58FB3D23D23EF40062CFCD /* NetworkRequestFactory.swift in Sources */,
				7F58FB3E23D23EF40062CFCD /* NetworkRequestFactory+Codable.swift in Sources */,
				7F58FB3F23D23EF40062CFCD /* NetworkRequestFactory+Dispatch.swift in Sources */,
				7F58FB4023D23EF40062CFCD /* NetworkRequestFactory+Image.swift in Sources */,
				7F58FB4123D23EF40062CFCD /* URLRequestProtocol.swift in Sources */,
				7F58FB4223D23EF40062CFCD /* ParameterEncoding.swift in Sources */,
				7F58FB4323D23EF40062CFCD /* EncodingError.swift in Sources */,
				7F58FB4423D23EF40062CFCD /* StringEncoding.swift in Sources */,
				7F58FB4523D23EF40062CFCD /* EncodingHelpers.swift in Sources */,
				7F58FB4623D23EF40062CFCD /* JSONEncoding.swift in Sources */,
				7F58FB4723D23EF40062CFCD /* URLEncoding.swift in Sources */,
				7F58FB4823D23EF40062CFCD /* Headers.swift in Sources */,
				7F58FB4923D23EF40062CFCD /* NetworkRequestFactoryHelper.swift in Sources */,
				7F58FB4A23D23EF40062CFCD /* QuickHatchRequestFactory.swift in Sources */,
				7F58FB4B23D23EF40062CFCD /* Logger.swift in Sources */,
				7F58FB4C23D23EF40062CFCD /* GenericAPI.swift in Sources */,
				7F58FB4D23D23EF40062CFCD /* URLRequest+Additions.swift in Sources */,
				7F58FB4E23D23EF40062CFCD /* URLRequest+Methods.swift in Sources */,
				7F58FB4F23D23EF50062CFCD /* URLSessionDataTask+Additions.swift in Sources */,
				7F58FB5023D23EF50062CFCD /* LoosyMapper.swift in Sources */,
				7F58FB5123D23EF50062CFCD /* ObjectRelationalMapper.swift in Sources */,
				7F58FB5223D23EF50062CFCD /* HostEnvironment.swift in Sources */,
				7F58FB5323D23EF50062CFCD /* ServerEnvironmentConfiguration.swift in Sources */,
			);
			runOnlyForDeploymentPostprocessing = 0;
		};
		7F65D56522FDBFEB00FA1762 /* Sources */ = {
			isa = PBXSourcesBuildPhase;
			buildActionMask = 2147483647;
			files = (
				7F65D58522FDC02E00FA1762 /* AlamofireRequest+Additions.swift in Sources */,
				7F65D58422FDC02E00FA1762 /* AlamofireRequestFactory.swift in Sources */,
			);
			runOnlyForDeploymentPostprocessing = 0;
		};
		7F65D56D22FDBFEB00FA1762 /* Sources */ = {
			isa = PBXSourcesBuildPhase;
			buildActionMask = 2147483647;
			files = (
				7F0C92D723072F16002E103E /* URLSessionMock.swift in Sources */,
				7F0C92D623072F16002E103E /* MockDataModel.swift in Sources */,
				7FFCD4FC2307235400E731FA /* MockAlamofireSession.swift in Sources */,
				7F0C92D923072F16002E103E /* MockAuthentication.swift in Sources */,
				7F65D57722FDBFEB00FA1762 /* QuickHatch_AlamofireTests.swift in Sources */,
				7F0C92D823072F16002E103E /* URLSessionDataTaskMock.swift in Sources */,
				7F0C92DA23072F16002E103E /* MockServerEnvironmentConfiguration.swift in Sources */,
			);
			runOnlyForDeploymentPostprocessing = 0;
		};
		7F6E7CCA22FBB81B0083BD1D /* Sources */ = {
			isa = PBXSourcesBuildPhase;
			buildActionMask = 2147483647;
			files = (
				7F6E7DA222FBBC020083BD1D /* Headers.swift in Sources */,
				7FFCD4BA22FDF34D00E731FA /* URLRequest+Methods.swift in Sources */,
				7F6E7D9D22FBBC020083BD1D /* Logger.swift in Sources */,
				7F6E7D9722FBBC020083BD1D /* ObjectRelationalMapper.swift in Sources */,
				7F6E7DA022FBBC020083BD1D /* QuickHatchRequestFactory.swift in Sources */,
				7F6E7DA722FBBC020083BD1D /* ServerEnvironmentConfiguration.swift in Sources */,
				7F65D64122FDE59300FA1762 /* Command.swift in Sources */,
				7F6E7D9222FBBC010083BD1D /* RequestError.swift in Sources */,
				7F6E7DA522FBBC020083BD1D /* EncodingError.swift in Sources */,
				7F58FAC223D21C160062CFCD /* CommandTrafficControllerMultiSet.swift in Sources */,
				7F6E7DA122FBBC020083BD1D /* NetworkRequestFactoryHelper.swift in Sources */,
				7F6E7D9122FBBC010083BD1D /* HTTPStatusCode.swift in Sources */,
				7FFCD4B822FDEF7700E731FA /* NetworkRequestFactory+Codable.swift in Sources */,
				7F6E7DA822FBBC020083BD1D /* NetworkRequestFactory+Image.swift in Sources */,
				7F6E7DA322FBBC020083BD1D /* URLRequestProtocol.swift in Sources */,
				7F6E7D9022FBBC010083BD1D /* Error+Additions.swift in Sources */,
				7FFCD4DD23048E7C00E731FA /* StringEncoding.swift in Sources */,
				7F6E7DA622FBBC020083BD1D /* HostEnvironment.swift in Sources */,
				7F6E7D9322FBBC010083BD1D /* Authentication.swift in Sources */,
				7F6E7D9C22FBBC020083BD1D /* URLSessionDataTask+Additions.swift in Sources */,
				7F6E7D9F22FBBC020083BD1D /* URLRequest+Additions.swift in Sources */,
				7F6E7D9922FBBC020083BD1D /* CommandTrafficController.swift in Sources */,
				7F6E7D9A22FBBC020083BD1D /* HTTPRequestCommand.swift in Sources */,
				7FFCD4F123071D7300E731FA /* JSONEncoding.swift in Sources */,
				7FFCD4BC22FDFB5E00E731FA /* NetworkRequestFactory+Dispatch.swift in Sources */,
				7F6E7DA422FBBC020083BD1D /* ParameterEncoding.swift in Sources */,
				7F6E7D8F22FBBC010083BD1D /* NetworkRequestFactory.swift in Sources */,
				7FFCD4F423071DB300E731FA /* URLEncoding.swift in Sources */,
				7F6E7D9B22FBBC020083BD1D /* GenericAPI.swift in Sources */,
				7F6E7D9622FBBC020083BD1D /* LoosyMapper.swift in Sources */,
				7FFCD4E0230493D300E731FA /* EncodingHelpers.swift in Sources */,
			);
			runOnlyForDeploymentPostprocessing = 0;
		};
		7F6E7CD322FBB81B0083BD1D /* Sources */ = {
			isa = PBXSourcesBuildPhase;
			buildActionMask = 2147483647;
			files = (
				7F473F452350FCF400175CB8 /* ErrorsTests.swift in Sources */,
				7F0C92D223072F15002E103E /* URLSessionMock.swift in Sources */,
				7FFCD4E72305DCC300E731FA /* HTTPCommandSuccessCasesTests.swift in Sources */,
				7FFCD4C523030ED700E731FA /* URLRequest+MethodTests.swift in Sources */,
				7F473F47235101EB00175CB8 /* URLSessionLayer+StringTests.swift in Sources */,
				7F0C92D423072F15002E103E /* MockAuthentication.swift in Sources */,
				7F6E7D3422FBB84B0083BD1D /* URLSessionLayer+ImageTests.swift in Sources */,
				7F0C92D123072F15002E103E /* MockDataModel.swift in Sources */,
				7FFCD4EE2305FA5A00E731FA /* URLSessionDataTasksTests.swift in Sources */,
				7F0C92D523072F15002E103E /* MockServerEnvironmentConfiguration.swift in Sources */,
				7F6E7D3222FBB84B0083BD1D /* URLSessionLayerTests.swift in Sources */,
				7F6E7D3522FBB84B0083BD1D /* HTTPCommandTests.swift in Sources */,
				7F473F672357A8AA00175CB8 /* MockAuthenticationRefresher.swift in Sources */,
				7F473F622357969E00175CB8 /* CommandAuthRefresherTests.swift in Sources */,
				7F698C5A235A406F00978721 /* URLSessionLayer+ObjectTests.swift in Sources */,
				7FFCD4D22303524000E731FA /* TrafficControllerTests.swift in Sources */,
				7FFCD4E32304962B00E731FA /* StringEncodingTests.swift in Sources */,
				7F6E7CDD22FBB81B0083BD1D /* QuickHatchTests.swift in Sources */,
				7FFCD4E52304A16300E731FA /* EncodingHelpersTests.swift in Sources */,
				7F473F652357972400175CB8 /* CommandTestBase.swift in Sources */,
				7FFCD4EA2305F5DB00E731FA /* DataTest.swift in Sources */,
				7F473F492351021F00175CB8 /* URLSessionLayerBase.swift in Sources */,
				7F0C92D323072F15002E103E /* URLSessionDataTaskMock.swift in Sources */,
				7FFCD4CE230349E300E731FA /* NetworkSettingsTests.swift in Sources */,
				7F58FAC423D21F780062CFCD /* TrafficControllerMultiSetTests.swift in Sources */,
				7FFCD4EC2305F6B000E731FA /* LoosyMapperTests.swift in Sources */,
				7FFCD4CB230344B200E731FA /* URLRequest+AdditionTests.swift in Sources */,
				7F473F4B2351143000175CB8 /* URLSessionLayer+JSONTests.swift in Sources */,
			);
			runOnlyForDeploymentPostprocessing = 0;
		};
/* End PBXSourcesBuildPhase section */

/* Begin PBXTargetDependency section */
		7F65D57422FDBFEB00FA1762 /* PBXTargetDependency */ = {
			isa = PBXTargetDependency;
			target = 7F65D56822FDBFEB00FA1762 /* QuickHatch+Alamofire */;
			targetProxy = 7F65D57322FDBFEB00FA1762 /* PBXContainerItemProxy */;
		};
		7F65D58122FDBFF800FA1762 /* PBXTargetDependency */ = {
			isa = PBXTargetDependency;
			target = 7F6E7CCD22FBB81B0083BD1D /* QuickHatch */;
			targetProxy = 7F65D58022FDBFF800FA1762 /* PBXContainerItemProxy */;
		};
		7F6E7CDA22FBB81B0083BD1D /* PBXTargetDependency */ = {
			isa = PBXTargetDependency;
			target = 7F6E7CCD22FBB81B0083BD1D /* QuickHatch */;
			targetProxy = 7F6E7CD922FBB81B0083BD1D /* PBXContainerItemProxy */;
		};
/* End PBXTargetDependency section */

/* Begin XCBuildConfiguration section */
		7F58FADA23D23A4A0062CFCD /* Debug */ = {
			isa = XCBuildConfiguration;
			buildSettings = {
				CODE_SIGN_STYLE = Automatic;
				COMBINE_HIDPI_IMAGES = YES;
				DEFINES_MODULE = YES;
				DEVELOPMENT_TEAM = 6PEDY2NQHX;
				DYLIB_COMPATIBILITY_VERSION = 1;
				DYLIB_CURRENT_VERSION = 1;
				DYLIB_INSTALL_NAME_BASE = "@rpath";
				INFOPLIST_FILE = Sources/Info.plist;
				INSTALL_PATH = "$(LOCAL_LIBRARY_DIR)/Frameworks";
				LD_RUNPATH_SEARCH_PATHS = (
					"$(inherited)",
					"@executable_path/../Frameworks",
					"@loader_path/Frameworks",
				);
				MACOSX_DEPLOYMENT_TARGET = 10.14;
				PRODUCT_BUNDLE_IDENTIFIER = "DKO.QuickHatch-OSX";
				PRODUCT_NAME = QuickHatch;
				SDKROOT = macosx;
				SKIP_INSTALL = YES;
				SWIFT_VERSION = 5.0;
			};
			name = Debug;
		};
		7F58FADB23D23A4A0062CFCD /* Release */ = {
			isa = XCBuildConfiguration;
			buildSettings = {
				CODE_SIGN_STYLE = Automatic;
				COMBINE_HIDPI_IMAGES = YES;
				DEFINES_MODULE = YES;
				DEVELOPMENT_TEAM = 6PEDY2NQHX;
				DYLIB_COMPATIBILITY_VERSION = 1;
				DYLIB_CURRENT_VERSION = 1;
				DYLIB_INSTALL_NAME_BASE = "@rpath";
				INFOPLIST_FILE = Sources/Info.plist;
				INSTALL_PATH = "$(LOCAL_LIBRARY_DIR)/Frameworks";
				LD_RUNPATH_SEARCH_PATHS = (
					"$(inherited)",
					"@executable_path/../Frameworks",
					"@loader_path/Frameworks",
				);
				MACOSX_DEPLOYMENT_TARGET = 10.14;
				PRODUCT_BUNDLE_IDENTIFIER = "DKO.QuickHatch-OSX";
				PRODUCT_NAME = QuickHatch;
				SDKROOT = macosx;
				SKIP_INSTALL = YES;
				SWIFT_VERSION = 5.0;
			};
			name = Release;
		};
		7F58FB0723D23AE10062CFCD /* Debug */ = {
			isa = XCBuildConfiguration;
			buildSettings = {
				APPLICATION_EXTENSION_API_ONLY = YES;
				CODE_SIGN_STYLE = Automatic;
				DEFINES_MODULE = YES;
				DEVELOPMENT_TEAM = 6PEDY2NQHX;
				DYLIB_COMPATIBILITY_VERSION = 1;
				DYLIB_CURRENT_VERSION = 1;
				DYLIB_INSTALL_NAME_BASE = "@rpath";
				INFOPLIST_FILE = Sources/Info.plist;
				INSTALL_PATH = "$(LOCAL_LIBRARY_DIR)/Frameworks";
				LD_RUNPATH_SEARCH_PATHS = (
					"$(inherited)",
					"@executable_path/Frameworks",
					"@loader_path/Frameworks",
				);
				PRODUCT_BUNDLE_IDENTIFIER = "DKO.QuickHatch-WatchOS";
				PRODUCT_NAME = QuickHatch;
				SDKROOT = watchos;
				SKIP_INSTALL = YES;
				SWIFT_VERSION = 5.0;
				TARGETED_DEVICE_FAMILY = 4;
				WATCHOS_DEPLOYMENT_TARGET = 5.0;
			};
			name = Debug;
		};
		7F58FB0823D23AE10062CFCD /* Release */ = {
			isa = XCBuildConfiguration;
			buildSettings = {
				APPLICATION_EXTENSION_API_ONLY = YES;
				CODE_SIGN_STYLE = Automatic;
				DEFINES_MODULE = YES;
				DEVELOPMENT_TEAM = 6PEDY2NQHX;
				DYLIB_COMPATIBILITY_VERSION = 1;
				DYLIB_CURRENT_VERSION = 1;
				DYLIB_INSTALL_NAME_BASE = "@rpath";
				INFOPLIST_FILE = Sources/Info.plist;
				INSTALL_PATH = "$(LOCAL_LIBRARY_DIR)/Frameworks";
				LD_RUNPATH_SEARCH_PATHS = (
					"$(inherited)",
					"@executable_path/Frameworks",
					"@loader_path/Frameworks",
				);
				PRODUCT_BUNDLE_IDENTIFIER = "DKO.QuickHatch-WatchOS";
				PRODUCT_NAME = QuickHatch;
				SDKROOT = watchos;
				SKIP_INSTALL = YES;
				SWIFT_VERSION = 5.0;
				TARGETED_DEVICE_FAMILY = 4;
				WATCHOS_DEPLOYMENT_TARGET = 5.0;
			};
			name = Release;
		};
		7F58FB3323D23EAF0062CFCD /* Debug */ = {
			isa = XCBuildConfiguration;
			buildSettings = {
				CODE_SIGN_STYLE = Automatic;
				DEFINES_MODULE = YES;
				DEVELOPMENT_TEAM = 6PEDY2NQHX;
				DYLIB_COMPATIBILITY_VERSION = 1;
				DYLIB_CURRENT_VERSION = 1;
				DYLIB_INSTALL_NAME_BASE = "@rpath";
				INFOPLIST_FILE = Sources/Info.plist;
				INSTALL_PATH = "$(LOCAL_LIBRARY_DIR)/Frameworks";
				LD_RUNPATH_SEARCH_PATHS = (
					"$(inherited)",
					"@executable_path/Frameworks",
					"@loader_path/Frameworks",
				);
				PRODUCT_BUNDLE_IDENTIFIER = "DKO.QuickHatch-TvOS";
				PRODUCT_NAME = QuickHatch;
				SDKROOT = appletvos;
				SKIP_INSTALL = YES;
				SWIFT_VERSION = 5.0;
				TARGETED_DEVICE_FAMILY = 3;
				TVOS_DEPLOYMENT_TARGET = 13.0;
			};
			name = Debug;
		};
		7F58FB3423D23EAF0062CFCD /* Release */ = {
			isa = XCBuildConfiguration;
			buildSettings = {
				CODE_SIGN_STYLE = Automatic;
				DEFINES_MODULE = YES;
				DEVELOPMENT_TEAM = 6PEDY2NQHX;
				DYLIB_COMPATIBILITY_VERSION = 1;
				DYLIB_CURRENT_VERSION = 1;
				DYLIB_INSTALL_NAME_BASE = "@rpath";
				INFOPLIST_FILE = Sources/Info.plist;
				INSTALL_PATH = "$(LOCAL_LIBRARY_DIR)/Frameworks";
				LD_RUNPATH_SEARCH_PATHS = (
					"$(inherited)",
					"@executable_path/Frameworks",
					"@loader_path/Frameworks",
				);
				PRODUCT_BUNDLE_IDENTIFIER = "DKO.QuickHatch-TvOS";
				PRODUCT_NAME = QuickHatch;
				SDKROOT = appletvos;
				SKIP_INSTALL = YES;
				SWIFT_VERSION = 5.0;
				TARGETED_DEVICE_FAMILY = 3;
				TVOS_DEPLOYMENT_TARGET = 13.0;
			};
			name = Release;
		};
		7F65D57B22FDBFEB00FA1762 /* Debug */ = {
			isa = XCBuildConfiguration;
			buildSettings = {
				CLANG_ENABLE_MODULES = YES;
				CODE_SIGN_IDENTITY = "";
				CODE_SIGN_STYLE = Automatic;
				DEFINES_MODULE = YES;
				DEVELOPMENT_TEAM = 6PEDY2NQHX;
				DYLIB_COMPATIBILITY_VERSION = 1;
				DYLIB_CURRENT_VERSION = 1;
				DYLIB_INSTALL_NAME_BASE = "@rpath";
				FRAMEWORK_SEARCH_PATHS = (
					"$(inherited)",
					"$(PROJECT_DIR)/Carthage/Build/iOS",
				);
				INFOPLIST_FILE = "QuickHatch+Alamofire/Info.plist";
				INSTALL_PATH = "$(LOCAL_LIBRARY_DIR)/Frameworks";
				IPHONEOS_DEPLOYMENT_TARGET = 11.0;
				LD_RUNPATH_SEARCH_PATHS = (
					"$(inherited)",
					"@executable_path/Frameworks",
					"@loader_path/Frameworks",
				);
				PRODUCT_BUNDLE_IDENTIFIER = "DKO.QuickHatch-Alamofire";
				PRODUCT_NAME = "$(TARGET_NAME:c99extidentifier)";
				SKIP_INSTALL = YES;
				SWIFT_OPTIMIZATION_LEVEL = "-Onone";
				SWIFT_VERSION = 5.0;
				TARGETED_DEVICE_FAMILY = "1,2";
			};
			name = Debug;
		};
		7F65D57C22FDBFEB00FA1762 /* Release */ = {
			isa = XCBuildConfiguration;
			buildSettings = {
				CLANG_ENABLE_MODULES = YES;
				CODE_SIGN_IDENTITY = "";
				CODE_SIGN_STYLE = Automatic;
				DEFINES_MODULE = YES;
				DEVELOPMENT_TEAM = 6PEDY2NQHX;
				DYLIB_COMPATIBILITY_VERSION = 1;
				DYLIB_CURRENT_VERSION = 1;
				DYLIB_INSTALL_NAME_BASE = "@rpath";
				FRAMEWORK_SEARCH_PATHS = (
					"$(inherited)",
					"$(PROJECT_DIR)/Carthage/Build/iOS",
				);
				INFOPLIST_FILE = "QuickHatch+Alamofire/Info.plist";
				INSTALL_PATH = "$(LOCAL_LIBRARY_DIR)/Frameworks";
				IPHONEOS_DEPLOYMENT_TARGET = 11.0;
				LD_RUNPATH_SEARCH_PATHS = (
					"$(inherited)",
					"@executable_path/Frameworks",
					"@loader_path/Frameworks",
				);
				PRODUCT_BUNDLE_IDENTIFIER = "DKO.QuickHatch-Alamofire";
				PRODUCT_NAME = "$(TARGET_NAME:c99extidentifier)";
				SKIP_INSTALL = YES;
				SWIFT_VERSION = 5.0;
				TARGETED_DEVICE_FAMILY = "1,2";
			};
			name = Release;
		};
		7F65D57E22FDBFEB00FA1762 /* Debug */ = {
			isa = XCBuildConfiguration;
			buildSettings = {
				ALWAYS_EMBED_SWIFT_STANDARD_LIBRARIES = YES;
				CODE_SIGN_STYLE = Automatic;
				DEVELOPMENT_TEAM = 6PEDY2NQHX;
				FRAMEWORK_SEARCH_PATHS = (
					"$(inherited)",
					"$(PROJECT_DIR)/Carthage/Build/iOS",
				);
				INFOPLIST_FILE = "QuickHatch+AlamofireTests/Info.plist";
				LD_RUNPATH_SEARCH_PATHS = (
					"$(inherited)",
					"@executable_path/Frameworks",
					"@loader_path/Frameworks",
				);
				PRODUCT_BUNDLE_IDENTIFIER = "DKO.QuickHatch-AlamofireTests";
				PRODUCT_NAME = "$(TARGET_NAME)";
				SWIFT_VERSION = 5.0;
				TARGETED_DEVICE_FAMILY = "1,2";
			};
			name = Debug;
		};
		7F65D57F22FDBFEB00FA1762 /* Release */ = {
			isa = XCBuildConfiguration;
			buildSettings = {
				ALWAYS_EMBED_SWIFT_STANDARD_LIBRARIES = YES;
				CODE_SIGN_STYLE = Automatic;
				DEVELOPMENT_TEAM = 6PEDY2NQHX;
				FRAMEWORK_SEARCH_PATHS = (
					"$(inherited)",
					"$(PROJECT_DIR)/Carthage/Build/iOS",
				);
				INFOPLIST_FILE = "QuickHatch+AlamofireTests/Info.plist";
				LD_RUNPATH_SEARCH_PATHS = (
					"$(inherited)",
					"@executable_path/Frameworks",
					"@loader_path/Frameworks",
				);
				PRODUCT_BUNDLE_IDENTIFIER = "DKO.QuickHatch-AlamofireTests";
				PRODUCT_NAME = "$(TARGET_NAME)";
				SWIFT_VERSION = 5.0;
				TARGETED_DEVICE_FAMILY = "1,2";
			};
			name = Release;
		};
		7F6E7CE022FBB81B0083BD1D /* Debug */ = {
			isa = XCBuildConfiguration;
			buildSettings = {
				ALWAYS_SEARCH_USER_PATHS = NO;
				CLANG_ANALYZER_NONNULL = YES;
				CLANG_ANALYZER_NUMBER_OBJECT_CONVERSION = YES_AGGRESSIVE;
				CLANG_CXX_LANGUAGE_STANDARD = "gnu++14";
				CLANG_CXX_LIBRARY = "libc++";
				CLANG_ENABLE_MODULES = YES;
				CLANG_ENABLE_OBJC_ARC = YES;
				CLANG_ENABLE_OBJC_WEAK = YES;
				CLANG_WARN_BLOCK_CAPTURE_AUTORELEASING = YES;
				CLANG_WARN_BOOL_CONVERSION = YES;
				CLANG_WARN_COMMA = YES;
				CLANG_WARN_CONSTANT_CONVERSION = YES;
				CLANG_WARN_DEPRECATED_OBJC_IMPLEMENTATIONS = YES;
				CLANG_WARN_DIRECT_OBJC_ISA_USAGE = YES_ERROR;
				CLANG_WARN_DOCUMENTATION_COMMENTS = YES;
				CLANG_WARN_EMPTY_BODY = YES;
				CLANG_WARN_ENUM_CONVERSION = YES;
				CLANG_WARN_INFINITE_RECURSION = YES;
				CLANG_WARN_INT_CONVERSION = YES;
				CLANG_WARN_NON_LITERAL_NULL_CONVERSION = YES;
				CLANG_WARN_OBJC_IMPLICIT_RETAIN_SELF = YES;
				CLANG_WARN_OBJC_LITERAL_CONVERSION = YES;
				CLANG_WARN_OBJC_ROOT_CLASS = YES_ERROR;
				CLANG_WARN_RANGE_LOOP_ANALYSIS = YES;
				CLANG_WARN_STRICT_PROTOTYPES = YES;
				CLANG_WARN_SUSPICIOUS_MOVE = YES;
				CLANG_WARN_UNGUARDED_AVAILABILITY = YES_AGGRESSIVE;
				CLANG_WARN_UNREACHABLE_CODE = YES;
				CLANG_WARN__DUPLICATE_METHOD_MATCH = YES;
				CODE_SIGN_IDENTITY = "iPhone Developer";
				COPY_PHASE_STRIP = NO;
				CURRENT_PROJECT_VERSION = 1;
				DEBUG_INFORMATION_FORMAT = dwarf;
				ENABLE_STRICT_OBJC_MSGSEND = YES;
				ENABLE_TESTABILITY = YES;
				GCC_C_LANGUAGE_STANDARD = gnu11;
				GCC_DYNAMIC_NO_PIC = NO;
				GCC_NO_COMMON_BLOCKS = YES;
				GCC_OPTIMIZATION_LEVEL = 0;
				GCC_PREPROCESSOR_DEFINITIONS = (
					"DEBUG=1",
					"$(inherited)",
				);
				GCC_WARN_64_TO_32_BIT_CONVERSION = YES;
				GCC_WARN_ABOUT_RETURN_TYPE = YES_ERROR;
				GCC_WARN_UNDECLARED_SELECTOR = YES;
				GCC_WARN_UNINITIALIZED_AUTOS = YES_AGGRESSIVE;
				GCC_WARN_UNUSED_FUNCTION = YES;
				GCC_WARN_UNUSED_VARIABLE = YES;
				IPHONEOS_DEPLOYMENT_TARGET = 12.2;
				MTL_ENABLE_DEBUG_INFO = INCLUDE_SOURCE;
				MTL_FAST_MATH = YES;
				ONLY_ACTIVE_ARCH = YES;
				SDKROOT = iphoneos;
				SWIFT_ACTIVE_COMPILATION_CONDITIONS = DEBUG;
				SWIFT_OPTIMIZATION_LEVEL = "-Onone";
				VERSIONING_SYSTEM = "apple-generic";
				VERSION_INFO_PREFIX = "";
			};
			name = Debug;
		};
		7F6E7CE122FBB81B0083BD1D /* Release */ = {
			isa = XCBuildConfiguration;
			buildSettings = {
				ALWAYS_SEARCH_USER_PATHS = NO;
				CLANG_ANALYZER_NONNULL = YES;
				CLANG_ANALYZER_NUMBER_OBJECT_CONVERSION = YES_AGGRESSIVE;
				CLANG_CXX_LANGUAGE_STANDARD = "gnu++14";
				CLANG_CXX_LIBRARY = "libc++";
				CLANG_ENABLE_MODULES = YES;
				CLANG_ENABLE_OBJC_ARC = YES;
				CLANG_ENABLE_OBJC_WEAK = YES;
				CLANG_WARN_BLOCK_CAPTURE_AUTORELEASING = YES;
				CLANG_WARN_BOOL_CONVERSION = YES;
				CLANG_WARN_COMMA = YES;
				CLANG_WARN_CONSTANT_CONVERSION = YES;
				CLANG_WARN_DEPRECATED_OBJC_IMPLEMENTATIONS = YES;
				CLANG_WARN_DIRECT_OBJC_ISA_USAGE = YES_ERROR;
				CLANG_WARN_DOCUMENTATION_COMMENTS = YES;
				CLANG_WARN_EMPTY_BODY = YES;
				CLANG_WARN_ENUM_CONVERSION = YES;
				CLANG_WARN_INFINITE_RECURSION = YES;
				CLANG_WARN_INT_CONVERSION = YES;
				CLANG_WARN_NON_LITERAL_NULL_CONVERSION = YES;
				CLANG_WARN_OBJC_IMPLICIT_RETAIN_SELF = YES;
				CLANG_WARN_OBJC_LITERAL_CONVERSION = YES;
				CLANG_WARN_OBJC_ROOT_CLASS = YES_ERROR;
				CLANG_WARN_RANGE_LOOP_ANALYSIS = YES;
				CLANG_WARN_STRICT_PROTOTYPES = YES;
				CLANG_WARN_SUSPICIOUS_MOVE = YES;
				CLANG_WARN_UNGUARDED_AVAILABILITY = YES_AGGRESSIVE;
				CLANG_WARN_UNREACHABLE_CODE = YES;
				CLANG_WARN__DUPLICATE_METHOD_MATCH = YES;
				CODE_SIGN_IDENTITY = "iPhone Developer";
				COPY_PHASE_STRIP = NO;
				CURRENT_PROJECT_VERSION = 1;
				DEBUG_INFORMATION_FORMAT = "dwarf-with-dsym";
				ENABLE_NS_ASSERTIONS = NO;
				ENABLE_STRICT_OBJC_MSGSEND = YES;
				GCC_C_LANGUAGE_STANDARD = gnu11;
				GCC_NO_COMMON_BLOCKS = YES;
				GCC_WARN_64_TO_32_BIT_CONVERSION = YES;
				GCC_WARN_ABOUT_RETURN_TYPE = YES_ERROR;
				GCC_WARN_UNDECLARED_SELECTOR = YES;
				GCC_WARN_UNINITIALIZED_AUTOS = YES_AGGRESSIVE;
				GCC_WARN_UNUSED_FUNCTION = YES;
				GCC_WARN_UNUSED_VARIABLE = YES;
				IPHONEOS_DEPLOYMENT_TARGET = 12.2;
				MTL_ENABLE_DEBUG_INFO = NO;
				MTL_FAST_MATH = YES;
				SDKROOT = iphoneos;
				SWIFT_COMPILATION_MODE = wholemodule;
				SWIFT_OPTIMIZATION_LEVEL = "-O";
				VALIDATE_PRODUCT = YES;
				VERSIONING_SYSTEM = "apple-generic";
				VERSION_INFO_PREFIX = "";
			};
			name = Release;
		};
		7F6E7CE322FBB81B0083BD1D /* Debug */ = {
			isa = XCBuildConfiguration;
			buildSettings = {
				CLANG_ENABLE_MODULES = YES;
				CODE_SIGN_IDENTITY = "";
				CODE_SIGN_STYLE = Automatic;
				DEFINES_MODULE = YES;
				DEVELOPMENT_TEAM = 6PEDY2NQHX;
				DYLIB_COMPATIBILITY_VERSION = 1;
				DYLIB_CURRENT_VERSION = 1;
				DYLIB_INSTALL_NAME_BASE = "@rpath";
				INFOPLIST_FILE = Sources/Info.plist;
				INSTALL_PATH = "$(LOCAL_LIBRARY_DIR)/Frameworks";
				IPHONEOS_DEPLOYMENT_TARGET = 11.0;
				LD_RUNPATH_SEARCH_PATHS = (
					"$(inherited)",
					"@executable_path/Frameworks",
					"@loader_path/Frameworks",
				);
				PRODUCT_BUNDLE_IDENTIFIER = DKO.QuickHatch;
				PRODUCT_NAME = "$(TARGET_NAME:c99extidentifier)";
				SDKROOT = iphoneos;
				SKIP_INSTALL = YES;
				SUPPORTED_PLATFORMS = "iphonesimulator iphoneos";
				SWIFT_OPTIMIZATION_LEVEL = "-Onone";
				SWIFT_VERSION = 5.0;
				TARGETED_DEVICE_FAMILY = "1,2";
			};
			name = Debug;
		};
		7F6E7CE422FBB81B0083BD1D /* Release */ = {
			isa = XCBuildConfiguration;
			buildSettings = {
				CLANG_ENABLE_MODULES = YES;
				CODE_SIGN_IDENTITY = "";
				CODE_SIGN_STYLE = Automatic;
				DEFINES_MODULE = YES;
				DEVELOPMENT_TEAM = 6PEDY2NQHX;
				DYLIB_COMPATIBILITY_VERSION = 1;
				DYLIB_CURRENT_VERSION = 1;
				DYLIB_INSTALL_NAME_BASE = "@rpath";
				INFOPLIST_FILE = Sources/Info.plist;
				INSTALL_PATH = "$(LOCAL_LIBRARY_DIR)/Frameworks";
				IPHONEOS_DEPLOYMENT_TARGET = 11.0;
				LD_RUNPATH_SEARCH_PATHS = (
					"$(inherited)",
					"@executable_path/Frameworks",
					"@loader_path/Frameworks",
				);
				PRODUCT_BUNDLE_IDENTIFIER = DKO.QuickHatch;
				PRODUCT_NAME = "$(TARGET_NAME:c99extidentifier)";
				SDKROOT = iphoneos;
				SKIP_INSTALL = YES;
				SUPPORTED_PLATFORMS = "iphonesimulator iphoneos";
				SWIFT_VERSION = 5.0;
				TARGETED_DEVICE_FAMILY = "1,2";
			};
			name = Release;
		};
		7F6E7CE622FBB81B0083BD1D /* Debug */ = {
			isa = XCBuildConfiguration;
			buildSettings = {
				ALWAYS_EMBED_SWIFT_STANDARD_LIBRARIES = YES;
				CODE_SIGN_STYLE = Automatic;
				DEVELOPMENT_TEAM = 6PEDY2NQHX;
				INFOPLIST_FILE = Tests/Info.plist;
				LD_RUNPATH_SEARCH_PATHS = (
					"$(inherited)",
					"@executable_path/Frameworks",
					"@loader_path/Frameworks",
				);
				PRODUCT_BUNDLE_IDENTIFIER = DKO.QuickHatchTests;
				PRODUCT_NAME = "$(TARGET_NAME)";
				SUPPORTED_PLATFORMS = "iphonesimulator iphoneos";
				SWIFT_VERSION = 5.0;
				TARGETED_DEVICE_FAMILY = "1,2";
			};
			name = Debug;
		};
		7F6E7CE722FBB81B0083BD1D /* Release */ = {
			isa = XCBuildConfiguration;
			buildSettings = {
				ALWAYS_EMBED_SWIFT_STANDARD_LIBRARIES = YES;
				CODE_SIGN_STYLE = Automatic;
				DEVELOPMENT_TEAM = 6PEDY2NQHX;
				INFOPLIST_FILE = Tests/Info.plist;
				LD_RUNPATH_SEARCH_PATHS = (
					"$(inherited)",
					"@executable_path/Frameworks",
					"@loader_path/Frameworks",
				);
				PRODUCT_BUNDLE_IDENTIFIER = DKO.QuickHatchTests;
				PRODUCT_NAME = "$(TARGET_NAME)";
				SUPPORTED_PLATFORMS = "iphonesimulator iphoneos";
				SWIFT_VERSION = 5.0;
				TARGETED_DEVICE_FAMILY = "1,2";
			};
			name = Release;
		};
/* End XCBuildConfiguration section */

/* Begin XCConfigurationList section */
		7F58FAD923D23A4A0062CFCD /* Build configuration list for PBXNativeTarget "QuickHatch-OSX" */ = {
			isa = XCConfigurationList;
			buildConfigurations = (
				7F58FADA23D23A4A0062CFCD /* Debug */,
				7F58FADB23D23A4A0062CFCD /* Release */,
			);
			defaultConfigurationIsVisible = 0;
			defaultConfigurationName = Release;
		};
		7F58FB0623D23AE10062CFCD /* Build configuration list for PBXNativeTarget "QuickHatch-WatchOS" */ = {
			isa = XCConfigurationList;
			buildConfigurations = (
				7F58FB0723D23AE10062CFCD /* Debug */,
				7F58FB0823D23AE10062CFCD /* Release */,
			);
			defaultConfigurationIsVisible = 0;
			defaultConfigurationName = Release;
		};
		7F58FB3223D23EAF0062CFCD /* Build configuration list for PBXNativeTarget "QuickHatch-TvOS" */ = {
			isa = XCConfigurationList;
			buildConfigurations = (
				7F58FB3323D23EAF0062CFCD /* Debug */,
				7F58FB3423D23EAF0062CFCD /* Release */,
			);
			defaultConfigurationIsVisible = 0;
			defaultConfigurationName = Release;
		};
		7F65D57A22FDBFEB00FA1762 /* Build configuration list for PBXNativeTarget "QuickHatch+Alamofire" */ = {
			isa = XCConfigurationList;
			buildConfigurations = (
				7F65D57B22FDBFEB00FA1762 /* Debug */,
				7F65D57C22FDBFEB00FA1762 /* Release */,
			);
			defaultConfigurationIsVisible = 0;
			defaultConfigurationName = Release;
		};
		7F65D57D22FDBFEB00FA1762 /* Build configuration list for PBXNativeTarget "QuickHatch+AlamofireTests" */ = {
			isa = XCConfigurationList;
			buildConfigurations = (
				7F65D57E22FDBFEB00FA1762 /* Debug */,
				7F65D57F22FDBFEB00FA1762 /* Release */,
			);
			defaultConfigurationIsVisible = 0;
			defaultConfigurationName = Release;
		};
		7F6E7CC822FBB81B0083BD1D /* Build configuration list for PBXProject "QuickHatch" */ = {
			isa = XCConfigurationList;
			buildConfigurations = (
				7F6E7CE022FBB81B0083BD1D /* Debug */,
				7F6E7CE122FBB81B0083BD1D /* Release */,
			);
			defaultConfigurationIsVisible = 0;
			defaultConfigurationName = Release;
		};
		7F6E7CE222FBB81B0083BD1D /* Build configuration list for PBXNativeTarget "QuickHatch" */ = {
			isa = XCConfigurationList;
			buildConfigurations = (
				7F6E7CE322FBB81B0083BD1D /* Debug */,
				7F6E7CE422FBB81B0083BD1D /* Release */,
			);
			defaultConfigurationIsVisible = 0;
			defaultConfigurationName = Release;
		};
		7F6E7CE522FBB81B0083BD1D /* Build configuration list for PBXNativeTarget "QuickHatchTests" */ = {
			isa = XCConfigurationList;
			buildConfigurations = (
				7F6E7CE622FBB81B0083BD1D /* Debug */,
				7F6E7CE722FBB81B0083BD1D /* Release */,
			);
			defaultConfigurationIsVisible = 0;
			defaultConfigurationName = Release;
		};
/* End XCConfigurationList section */
	};
	rootObject = 7F6E7CC522FBB81B0083BD1D /* Project object */;
}
